// !$*UTF8*$!
{
	archiveVersion = 1;
	classes = {
	};
	objectVersion = 46;
	objects = {

/* Begin PBXBuildFile section */
		3817E7861CE4E726006E3B5A /* Persist.swift in Sources */ = {isa = PBXBuildFile; fileRef = 3817E7851CE4E726006E3B5A /* Persist.swift */; };
		3817E7891CE4E906006E3B5A /* BaseCache.swift in Sources */ = {isa = PBXBuildFile; fileRef = 3817E7881CE4E906006E3B5A /* BaseCache.swift */; };
		3820F7611CE890B0005BEFA7 /* CancelReasonViewController.swift in Sources */ = {isa = PBXBuildFile; fileRef = 3820F75F1CE890B0005BEFA7 /* CancelReasonViewController.swift */; };
		3820F7621CE890B0005BEFA7 /* CancelReasonViewController.xib in Resources */ = {isa = PBXBuildFile; fileRef = 3820F7601CE890B0005BEFA7 /* CancelReasonViewController.xib */; };
		386B7AA01CD798FE00BC28BA /* Appointment.swift in Sources */ = {isa = PBXBuildFile; fileRef = 386B7A9F1CD798FE00BC28BA /* Appointment.swift */; };
		386B7AA41CD7994700BC28BA /* Reflectable.swift in Sources */ = {isa = PBXBuildFile; fileRef = 386B7AA31CD7994700BC28BA /* Reflectable.swift */; };
		38758BAC1CCE710C00AEC3BB /* AppDelegate.swift in Sources */ = {isa = PBXBuildFile; fileRef = 38758BAB1CCE710C00AEC3BB /* AppDelegate.swift */; };
		38758BAE1CCE710C00AEC3BB /* ViewController.swift in Sources */ = {isa = PBXBuildFile; fileRef = 38758BAD1CCE710C00AEC3BB /* ViewController.swift */; };
		38758BB11CCE710C00AEC3BB /* Main.storyboard in Resources */ = {isa = PBXBuildFile; fileRef = 38758BAF1CCE710C00AEC3BB /* Main.storyboard */; };
		38758BB31CCE710C00AEC3BB /* Assets.xcassets in Resources */ = {isa = PBXBuildFile; fileRef = 38758BB21CCE710C00AEC3BB /* Assets.xcassets */; };
		38758BB61CCE710C00AEC3BB /* LaunchScreen.storyboard in Resources */ = {isa = PBXBuildFile; fileRef = 38758BB41CCE710C00AEC3BB /* LaunchScreen.storyboard */; };
		3876AB651CD492370087E5AC /* TimingsAPI.swift in Sources */ = {isa = PBXBuildFile; fileRef = 3876AB641CD492370087E5AC /* TimingsAPI.swift */; };
		3876AB671CD4BDA30087E5AC /* APIData+Safe.swift in Sources */ = {isa = PBXBuildFile; fileRef = 3876AB661CD4BDA30087E5AC /* APIData+Safe.swift */; };
		3876AB6A1CD4C0C30087E5AC /* Timings.swift in Sources */ = {isa = PBXBuildFile; fileRef = 3876AB691CD4C0C30087E5AC /* Timings.swift */; };
		3876AB701CD4CDA30087E5AC /* ObjectMapper.framework in Frameworks */ = {isa = PBXBuildFile; fileRef = 3876AB6F1CD4CDA30087E5AC /* ObjectMapper.framework */; };
		3876AB711CD4CDB10087E5AC /* ObjectMapper.framework in CopyFiles */ = {isa = PBXBuildFile; fileRef = 3876AB6F1CD4CDA30087E5AC /* ObjectMapper.framework */; settings = {ATTRIBUTES = (CodeSignOnCopy, RemoveHeadersOnCopy, ); }; };
		3882FBFC1CD122DA006B69FC /* API.swift in Sources */ = {isa = PBXBuildFile; fileRef = 3882FBFB1CD122DA006B69FC /* API.swift */; };
		38947DD91CCFE2050008049A /* PKHUD.framework in Frameworks */ = {isa = PBXBuildFile; fileRef = 38947DD51CCFE2050008049A /* PKHUD.framework */; };
		38947DDA1CCFE2050008049A /* Realm.framework in Frameworks */ = {isa = PBXBuildFile; fileRef = 38947DD61CCFE2050008049A /* Realm.framework */; };
		38947DDB1CCFE2050008049A /* RealmSwift.framework in Frameworks */ = {isa = PBXBuildFile; fileRef = 38947DD71CCFE2050008049A /* RealmSwift.framework */; };
		38947DDC1CCFE2050008049A /* SwiftyJSON.framework in Frameworks */ = {isa = PBXBuildFile; fileRef = 38947DD81CCFE2050008049A /* SwiftyJSON.framework */; };
		38A423201CE610ED004E2146 /* AppointmentCache.swift in Sources */ = {isa = PBXBuildFile; fileRef = 38A4231F1CE610ED004E2146 /* AppointmentCache.swift */; };
		38A423231CE63AB0004E2146 /* AppointmentExpandedCell.swift in Sources */ = {isa = PBXBuildFile; fileRef = 38A423211CE63AB0004E2146 /* AppointmentExpandedCell.swift */; };
		38A423241CE63AB0004E2146 /* AppointmentExpandedCell.xib in Resources */ = {isa = PBXBuildFile; fileRef = 38A423221CE63AB0004E2146 /* AppointmentExpandedCell.xib */; };
		38A423281CE63CF1004E2146 /* Gotham-Medium.otf in Resources */ = {isa = PBXBuildFile; fileRef = 38A423261CE63CF1004E2146 /* Gotham-Medium.otf */; };
		38A423291CE63CF1004E2146 /* MyriadPro-Regular_0.otf in Resources */ = {isa = PBXBuildFile; fileRef = 38A423271CE63CF1004E2146 /* MyriadPro-Regular_0.otf */; };
		38B36E861CCFC763009820D2 /* Alamofire.framework in Frameworks */ = {isa = PBXBuildFile; fileRef = 38B36E851CCFC763009820D2 /* Alamofire.framework */; };
		38B370471CDCDA2F00B51011 /* BlockVacation.swift in Sources */ = {isa = PBXBuildFile; fileRef = 38B370461CDCDA2F00B51011 /* BlockVacation.swift */; };
		38B370491CDCE52100B51011 /* BlockVacationAPI.swift in Sources */ = {isa = PBXBuildFile; fileRef = 38B370481CDCE52100B51011 /* BlockVacationAPI.swift */; };
		38C8201C1CF08AD300A5095F /* RealmObject+Write.swift in Sources */ = {isa = PBXBuildFile; fileRef = 38C8201B1CF08AD300A5095F /* RealmObject+Write.swift */; };
		38C95A4C1CDBA0C000A6CBA7 /* CacheModel.swift in Sources */ = {isa = PBXBuildFile; fileRef = 38C95A4B1CDBA0C000A6CBA7 /* CacheModel.swift */; };
		38C95A4E1CDBA69A00A6CBA7 /* PrescriptionAPI.swift in Sources */ = {isa = PBXBuildFile; fileRef = 38C95A4D1CDBA69A00A6CBA7 /* PrescriptionAPI.swift */; };
		38C95A501CDBA81C00A6CBA7 /* Prescription.swift in Sources */ = {isa = PBXBuildFile; fileRef = 38C95A4F1CDBA81C00A6CBA7 /* Prescription.swift */; };
		38CCDC841CE398F2001E0129 /* DateFormat.swift in Sources */ = {isa = PBXBuildFile; fileRef = 38CCDC831CE398F2001E0129 /* DateFormat.swift */; };
		38CEE8341CD26342000010D2 /* Utils.swift in Sources */ = {isa = PBXBuildFile; fileRef = 38CEE8331CD26342000010D2 /* Utils.swift */; };
		38CEE8391CD269D0000010D2 /* LoginAPI.swift in Sources */ = {isa = PBXBuildFile; fileRef = 38CEE8381CD269D0000010D2 /* LoginAPI.swift */; };
		38E61DB71CD72009008D1870 /* AppointmentAPI.swift in Sources */ = {isa = PBXBuildFile; fileRef = 38E61DB61CD72009008D1870 /* AppointmentAPI.swift */; };
		D90AE44C1CF4C2C60088860B /* AddPrescriptionCell.swift in Sources */ = {isa = PBXBuildFile; fileRef = D90AE44A1CF4C2C60088860B /* AddPrescriptionCell.swift */; };
		D90AE44D1CF4C2C60088860B /* AddPrescriptionCell.xib in Resources */ = {isa = PBXBuildFile; fileRef = D90AE44B1CF4C2C60088860B /* AddPrescriptionCell.xib */; };
		D915C8C01CE1888B00C499CD /* AppointmentWaitingViewController.swift in Sources */ = {isa = PBXBuildFile; fileRef = D915C8BE1CE1888B00C499CD /* AppointmentWaitingViewController.swift */; };
		D915C8C11CE1888B00C499CD /* AppointmentWaitingViewController.xib in Resources */ = {isa = PBXBuildFile; fileRef = D915C8BF1CE1888B00C499CD /* AppointmentWaitingViewController.xib */; };
		D915C8C41CE188D000C499CD /* AppointmentApproveViewController.swift in Sources */ = {isa = PBXBuildFile; fileRef = D915C8C21CE188D000C499CD /* AppointmentApproveViewController.swift */; };
		D915C8C51CE188D000C499CD /* AppointmentApproveViewController.xib in Resources */ = {isa = PBXBuildFile; fileRef = D915C8C31CE188D000C499CD /* AppointmentApproveViewController.xib */; };
		D915C8C81CE188F100C499CD /* AppointmentStartViewController.swift in Sources */ = {isa = PBXBuildFile; fileRef = D915C8C61CE188F100C499CD /* AppointmentStartViewController.swift */; };
		D915C8C91CE188F100C499CD /* AppointmentStartViewController.xib in Resources */ = {isa = PBXBuildFile; fileRef = D915C8C71CE188F100C499CD /* AppointmentStartViewController.xib */; };
		D92166A61CE24298004FA64C /* NotificationViewController.swift in Sources */ = {isa = PBXBuildFile; fileRef = D92166A41CE24298004FA64C /* NotificationViewController.swift */; };
		D92166A71CE24298004FA64C /* NotificationViewController.xib in Resources */ = {isa = PBXBuildFile; fileRef = D92166A51CE24298004FA64C /* NotificationViewController.xib */; };
		D92166B01CE2C6BF004FA64C /* AddClinicTimingView.swift in Sources */ = {isa = PBXBuildFile; fileRef = D92166AE1CE2C6BF004FA64C /* AddClinicTimingView.swift */; };
		D92166B11CE2C6BF004FA64C /* AddClinicTimingView.xib in Resources */ = {isa = PBXBuildFile; fileRef = D92166AF1CE2C6BF004FA64C /* AddClinicTimingView.xib */; };
		D965CD7F1CF37D6800746C8F /* PrescriptionCell.swift in Sources */ = {isa = PBXBuildFile; fileRef = D965CD7D1CF37D6800746C8F /* PrescriptionCell.swift */; };
		D965CD801CF37D6800746C8F /* PrescriptionCell.xib in Resources */ = {isa = PBXBuildFile; fileRef = D965CD7E1CF37D6800746C8F /* PrescriptionCell.xib */; };
		D967D9EA1CD5B484002E4C0F /* UIView+Helpers.swift in Sources */ = {isa = PBXBuildFile; fileRef = D967D9E91CD5B484002E4C0F /* UIView+Helpers.swift */; };
		D967D9EC1CD5B5A5002E4C0F /* UITextField+Helpers.swift in Sources */ = {isa = PBXBuildFile; fileRef = D967D9EB1CD5B5A5002E4C0F /* UITextField+Helpers.swift */; };
		D967D9EE1CD5B702002E4C0F /* Reachability.framework in Frameworks */ = {isa = PBXBuildFile; fileRef = D967D9ED1CD5B702002E4C0F /* Reachability.framework */; };
		D967D9EF1CD5B70C002E4C0F /* Reachability.framework in Frameworks */ = {isa = PBXBuildFile; fileRef = D967D9ED1CD5B702002E4C0F /* Reachability.framework */; };
		D967D9F01CD5B70C002E4C0F /* Reachability.framework in CopyFiles */ = {isa = PBXBuildFile; fileRef = D967D9ED1CD5B702002E4C0F /* Reachability.framework */; settings = {ATTRIBUTES = (CodeSignOnCopy, RemoveHeadersOnCopy, ); }; };
		D967D9F51CD5B739002E4C0F /* LoginViewController.swift in Sources */ = {isa = PBXBuildFile; fileRef = D967D9F31CD5B739002E4C0F /* LoginViewController.swift */; };
		D967D9F61CD5B739002E4C0F /* LoginViewController.xib in Resources */ = {isa = PBXBuildFile; fileRef = D967D9F41CD5B739002E4C0F /* LoginViewController.xib */; };
		D967D9FF1CD5BECE002E4C0F /* HomeCell.swift in Sources */ = {isa = PBXBuildFile; fileRef = D967D9FB1CD5BECE002E4C0F /* HomeCell.swift */; };
		D967DA001CD5BECE002E4C0F /* HomeCell.xib in Resources */ = {isa = PBXBuildFile; fileRef = D967D9FC1CD5BECE002E4C0F /* HomeCell.xib */; };
		D967DA011CD5BECE002E4C0F /* HomeViewController.swift in Sources */ = {isa = PBXBuildFile; fileRef = D967D9FD1CD5BECE002E4C0F /* HomeViewController.swift */; };
		D967DA021CD5BECE002E4C0F /* HomeViewController.xib in Resources */ = {isa = PBXBuildFile; fileRef = D967D9FE1CD5BECE002E4C0F /* HomeViewController.xib */; };
		D967DA051CD5BF56002E4C0F /* BaseMenuViewController.swift in Sources */ = {isa = PBXBuildFile; fileRef = D967DA031CD5BF56002E4C0F /* BaseMenuViewController.swift */; };
		D967DA061CD5BF56002E4C0F /* BaseViewController.swift in Sources */ = {isa = PBXBuildFile; fileRef = D967DA041CD5BF56002E4C0F /* BaseViewController.swift */; };
		D967DA081CD5C455002E4C0F /* Spring.framework in Frameworks */ = {isa = PBXBuildFile; fileRef = D967DA071CD5C455002E4C0F /* Spring.framework */; };
		D967DA091CD5C46E002E4C0F /* Spring.framework in CopyFiles */ = {isa = PBXBuildFile; fileRef = D967DA071CD5C455002E4C0F /* Spring.framework */; settings = {ATTRIBUTES = (CodeSignOnCopy, RemoveHeadersOnCopy, ); }; };
		D967DA131CD5C511002E4C0F /* BorderedView.swift in Sources */ = {isa = PBXBuildFile; fileRef = D967DA0B1CD5C511002E4C0F /* BorderedView.swift */; };
		D967DA141CD5C511002E4C0F /* MenuCell.swift in Sources */ = {isa = PBXBuildFile; fileRef = D967DA0D1CD5C511002E4C0F /* MenuCell.swift */; };
		D967DA151CD5C511002E4C0F /* MenuCell.xib in Resources */ = {isa = PBXBuildFile; fileRef = D967DA0E1CD5C511002E4C0F /* MenuCell.xib */; };
		D967DA161CD5C511002E4C0F /* MenuView.swift in Sources */ = {isa = PBXBuildFile; fileRef = D967DA0F1CD5C511002E4C0F /* MenuView.swift */; };
		D967DA171CD5C511002E4C0F /* MenuView.xib in Resources */ = {isa = PBXBuildFile; fileRef = D967DA101CD5C511002E4C0F /* MenuView.xib */; };
		D967DA181CD5C511002E4C0F /* NavigationBarView.swift in Sources */ = {isa = PBXBuildFile; fileRef = D967DA111CD5C511002E4C0F /* NavigationBarView.swift */; };
		D967DA191CD5C511002E4C0F /* NavigationBarView.xib in Resources */ = {isa = PBXBuildFile; fileRef = D967DA121CD5C511002E4C0F /* NavigationBarView.xib */; };
		D967DA1B1CD5C581002E4C0F /* Constants.swift in Sources */ = {isa = PBXBuildFile; fileRef = D967DA1A1CD5C581002E4C0F /* Constants.swift */; };
		D967DA1F1CD5C634002E4C0F /* AppointmentViewController.swift in Sources */ = {isa = PBXBuildFile; fileRef = D967DA1D1CD5C634002E4C0F /* AppointmentViewController.swift */; };
		D967DA201CD5C634002E4C0F /* AppointmentViewController.xib in Resources */ = {isa = PBXBuildFile; fileRef = D967DA1E1CD5C634002E4C0F /* AppointmentViewController.xib */; };
		D967DA231CD7113A002E4C0F /* ScheduleViewController.swift in Sources */ = {isa = PBXBuildFile; fileRef = D967DA221CD7113A002E4C0F /* ScheduleViewController.swift */; };
		D967DA251CD711BC002E4C0F /* ScheduleViewController.xib in Resources */ = {isa = PBXBuildFile; fileRef = D967DA241CD711BC002E4C0F /* ScheduleViewController.xib */; };
		D97711CA1CF1723000F2DBC9 /* NotificationCell.swift in Sources */ = {isa = PBXBuildFile; fileRef = D97711C81CF1723000F2DBC9 /* NotificationCell.swift */; };
		D97711CB1CF1723000F2DBC9 /* NotificationCell.xib in Resources */ = {isa = PBXBuildFile; fileRef = D97711C91CF1723000F2DBC9 /* NotificationCell.xib */; };
		D97711CD1CF18F9A00F2DBC9 /* NotificationCache.swift in Sources */ = {isa = PBXBuildFile; fileRef = D97711CC1CF18F9A00F2DBC9 /* NotificationCache.swift */; };
		D99378F21CD0BD0D00EEF391 /* PKHUD.framework in CopyFiles */ = {isa = PBXBuildFile; fileRef = 38947DD51CCFE2050008049A /* PKHUD.framework */; settings = {ATTRIBUTES = (CodeSignOnCopy, RemoveHeadersOnCopy, ); }; };
		D99378F31CD0BD0D00EEF391 /* Realm.framework in CopyFiles */ = {isa = PBXBuildFile; fileRef = 38947DD61CCFE2050008049A /* Realm.framework */; settings = {ATTRIBUTES = (CodeSignOnCopy, RemoveHeadersOnCopy, ); }; };
		D99378F41CD0BD0D00EEF391 /* RealmSwift.framework in CopyFiles */ = {isa = PBXBuildFile; fileRef = 38947DD71CCFE2050008049A /* RealmSwift.framework */; settings = {ATTRIBUTES = (CodeSignOnCopy, RemoveHeadersOnCopy, ); }; };
		D99378F51CD0BD0D00EEF391 /* SwiftyJSON.framework in CopyFiles */ = {isa = PBXBuildFile; fileRef = 38947DD81CCFE2050008049A /* SwiftyJSON.framework */; settings = {ATTRIBUTES = (CodeSignOnCopy, RemoveHeadersOnCopy, ); }; };
		D99378F61CD0BD0E00EEF391 /* Alamofire.framework in CopyFiles */ = {isa = PBXBuildFile; fileRef = 38B36E851CCFC763009820D2 /* Alamofire.framework */; settings = {ATTRIBUTES = (CodeSignOnCopy, RemoveHeadersOnCopy, ); }; };
		D99396831CE2D6760091DCE3 /* DataPicker.swift in Sources */ = {isa = PBXBuildFile; fileRef = D993967F1CE2D6760091DCE3 /* DataPicker.swift */; };
		D99396841CE2D6760091DCE3 /* DataPicker.xib in Resources */ = {isa = PBXBuildFile; fileRef = D99396801CE2D6760091DCE3 /* DataPicker.xib */; };
		D99396851CE2D6760091DCE3 /* TimePicker.swift in Sources */ = {isa = PBXBuildFile; fileRef = D99396811CE2D6760091DCE3 /* TimePicker.swift */; };
		D99396861CE2D6760091DCE3 /* TimePicker.xib in Resources */ = {isa = PBXBuildFile; fileRef = D99396821CE2D6760091DCE3 /* TimePicker.xib */; };
		D99396891CE2D7F30091DCE3 /* ClinicTimingCell.swift in Sources */ = {isa = PBXBuildFile; fileRef = D99396871CE2D7F30091DCE3 /* ClinicTimingCell.swift */; };
		D993968A1CE2D7F30091DCE3 /* ClinicTimingCell.xib in Resources */ = {isa = PBXBuildFile; fileRef = D99396881CE2D7F30091DCE3 /* ClinicTimingCell.xib */; };
		D993968D1CE2D8960091DCE3 /* ClinicTimeSlotCell.swift in Sources */ = {isa = PBXBuildFile; fileRef = D993968B1CE2D8960091DCE3 /* ClinicTimeSlotCell.swift */; };
		D993968E1CE2D8960091DCE3 /* ClinicTimeSlotCell.xib in Resources */ = {isa = PBXBuildFile; fileRef = D993968C1CE2D8960091DCE3 /* ClinicTimeSlotCell.xib */; };
		D9950E171CDDA21900340EE9 /* ClinicalViewController.swift in Sources */ = {isa = PBXBuildFile; fileRef = D9950E151CDDA21900340EE9 /* ClinicalViewController.swift */; };
		D9950E181CDDA21900340EE9 /* ClinicalViewController.xib in Resources */ = {isa = PBXBuildFile; fileRef = D9950E161CDDA21900340EE9 /* ClinicalViewController.xib */; };
		D9950E1B1CDDA22E00340EE9 /* PrescriptionViewController.swift in Sources */ = {isa = PBXBuildFile; fileRef = D9950E191CDDA22E00340EE9 /* PrescriptionViewController.swift */; };
		D9950E1C1CDDA22E00340EE9 /* PrescriptionViewController.xib in Resources */ = {isa = PBXBuildFile; fileRef = D9950E1A1CDDA22E00340EE9 /* PrescriptionViewController.xib */; };
		D9950E201CDDDF0400340EE9 /* AppointmentCell.swift in Sources */ = {isa = PBXBuildFile; fileRef = D9950E1E1CDDDF0400340EE9 /* AppointmentCell.swift */; };
		D9950E211CDDDF0400340EE9 /* AppointmentCell.xib in Resources */ = {isa = PBXBuildFile; fileRef = D9950E1F1CDDDF0400340EE9 /* AppointmentCell.xib */; };
		D9950E231CDDEBF800340EE9 /* ContainerView.swift in Sources */ = {isa = PBXBuildFile; fileRef = D9950E221CDDEBF800340EE9 /* ContainerView.swift */; };
		D9950E251CDDEC4600340EE9 /* BaseTabViewController.swift in Sources */ = {isa = PBXBuildFile; fileRef = D9950E241CDDEC4600340EE9 /* BaseTabViewController.swift */; };
		D9950E271CDDED3B00340EE9 /* NoteViewController.swift in Sources */ = {isa = PBXBuildFile; fileRef = D9950E261CDDED3B00340EE9 /* NoteViewController.swift */; };
		D9950E291CDDED7000340EE9 /* NoteStoryboard.storyboard in Resources */ = {isa = PBXBuildFile; fileRef = D9950E281CDDED7000340EE9 /* NoteStoryboard.storyboard */; };
		D9C03FC01CF55F4C00C08A70 /* TimmingSlot.swift in Sources */ = {isa = PBXBuildFile; fileRef = D9C03FBF1CF55F4C00C08A70 /* TimmingSlot.swift */; };
		D9C03FC21CF5DEEE00C08A70 /* AppointmentType.swift in Sources */ = {isa = PBXBuildFile; fileRef = D9C03FC11CF5DEEE00C08A70 /* AppointmentType.swift */; };
		D9C154621CDF205C0010B989 /* AppDataHelper.swift in Sources */ = {isa = PBXBuildFile; fileRef = D9C154611CDF205C0010B989 /* AppDataHelper.swift */; };
		E370F8E71CDCF02F005BE9F0 /* Profile.swift in Sources */ = {isa = PBXBuildFile; fileRef = E370F8E61CDCF02F005BE9F0 /* Profile.swift */; };
		E370F8E91CDCF03D005BE9F0 /* UserProfile.swift in Sources */ = {isa = PBXBuildFile; fileRef = E370F8E81CDCF03D005BE9F0 /* UserProfile.swift */; };
		E370F8EB1CDCF17C005BE9F0 /* MedicarProfile.swift in Sources */ = {isa = PBXBuildFile; fileRef = E370F8EA1CDCF17C005BE9F0 /* MedicarProfile.swift */; };
		E370F8ED1CDCF61F005BE9F0 /* NotificationAPI.swift in Sources */ = {isa = PBXBuildFile; fileRef = E370F8EC1CDCF61F005BE9F0 /* NotificationAPI.swift */; };
		E370F8EF1CDCF625005BE9F0 /* Notification.swift in Sources */ = {isa = PBXBuildFile; fileRef = E370F8EE1CDCF625005BE9F0 /* Notification.swift */; };
/* End PBXBuildFile section */

/* Begin PBXCopyFilesBuildPhase section */
		D99378F11CD0BCFF00EEF391 /* CopyFiles */ = {
			isa = PBXCopyFilesBuildPhase;
			buildActionMask = 2147483647;
			dstPath = "";
			dstSubfolderSpec = 10;
			files = (
				D967DA091CD5C46E002E4C0F /* Spring.framework in CopyFiles */,
				3876AB711CD4CDB10087E5AC /* ObjectMapper.framework in CopyFiles */,
				D99378F21CD0BD0D00EEF391 /* PKHUD.framework in CopyFiles */,
				D99378F31CD0BD0D00EEF391 /* Realm.framework in CopyFiles */,
				D99378F41CD0BD0D00EEF391 /* RealmSwift.framework in CopyFiles */,
				D99378F51CD0BD0D00EEF391 /* SwiftyJSON.framework in CopyFiles */,
				D99378F61CD0BD0E00EEF391 /* Alamofire.framework in CopyFiles */,
				D967D9F01CD5B70C002E4C0F /* Reachability.framework in CopyFiles */,
			);
			runOnlyForDeploymentPostprocessing = 0;
		};
/* End PBXCopyFilesBuildPhase section */

/* Begin PBXFileReference section */
		3817E7851CE4E726006E3B5A /* Persist.swift */ = {isa = PBXFileReference; fileEncoding = 4; lastKnownFileType = sourcecode.swift; path = Persist.swift; sourceTree = "<group>"; };
		3817E7881CE4E906006E3B5A /* BaseCache.swift */ = {isa = PBXFileReference; fileEncoding = 4; lastKnownFileType = sourcecode.swift; path = BaseCache.swift; sourceTree = "<group>"; };
		3820F75F1CE890B0005BEFA7 /* CancelReasonViewController.swift */ = {isa = PBXFileReference; fileEncoding = 4; lastKnownFileType = sourcecode.swift; path = CancelReasonViewController.swift; sourceTree = "<group>"; };
		3820F7601CE890B0005BEFA7 /* CancelReasonViewController.xib */ = {isa = PBXFileReference; fileEncoding = 4; lastKnownFileType = file.xib; path = CancelReasonViewController.xib; sourceTree = "<group>"; };
		386B7A9F1CD798FE00BC28BA /* Appointment.swift */ = {isa = PBXFileReference; fileEncoding = 4; lastKnownFileType = sourcecode.swift; path = Appointment.swift; sourceTree = "<group>"; };
		386B7AA31CD7994700BC28BA /* Reflectable.swift */ = {isa = PBXFileReference; fileEncoding = 4; lastKnownFileType = sourcecode.swift; path = Reflectable.swift; sourceTree = "<group>"; };
		38758BA81CCE710B00AEC3BB /* DoctorApp.app */ = {isa = PBXFileReference; explicitFileType = wrapper.application; includeInIndex = 0; path = DoctorApp.app; sourceTree = BUILT_PRODUCTS_DIR; };
		38758BAB1CCE710C00AEC3BB /* AppDelegate.swift */ = {isa = PBXFileReference; lastKnownFileType = sourcecode.swift; path = AppDelegate.swift; sourceTree = "<group>"; };
		38758BAD1CCE710C00AEC3BB /* ViewController.swift */ = {isa = PBXFileReference; lastKnownFileType = sourcecode.swift; path = ViewController.swift; sourceTree = "<group>"; };
		38758BB01CCE710C00AEC3BB /* Base */ = {isa = PBXFileReference; lastKnownFileType = file.storyboard; name = Base; path = Base.lproj/Main.storyboard; sourceTree = "<group>"; };
		38758BB21CCE710C00AEC3BB /* Assets.xcassets */ = {isa = PBXFileReference; lastKnownFileType = folder.assetcatalog; path = Assets.xcassets; sourceTree = "<group>"; };
		38758BB51CCE710C00AEC3BB /* Base */ = {isa = PBXFileReference; lastKnownFileType = file.storyboard; name = Base; path = Base.lproj/LaunchScreen.storyboard; sourceTree = "<group>"; };
		38758BB71CCE710C00AEC3BB /* Info.plist */ = {isa = PBXFileReference; lastKnownFileType = text.plist.xml; path = Info.plist; sourceTree = "<group>"; };
		3876AB641CD492370087E5AC /* TimingsAPI.swift */ = {isa = PBXFileReference; fileEncoding = 4; lastKnownFileType = sourcecode.swift; path = TimingsAPI.swift; sourceTree = "<group>"; };
		3876AB661CD4BDA30087E5AC /* APIData+Safe.swift */ = {isa = PBXFileReference; fileEncoding = 4; lastKnownFileType = sourcecode.swift; path = "APIData+Safe.swift"; sourceTree = "<group>"; };
		3876AB691CD4C0C30087E5AC /* Timings.swift */ = {isa = PBXFileReference; fileEncoding = 4; lastKnownFileType = sourcecode.swift; path = Timings.swift; sourceTree = "<group>"; };
		3876AB6F1CD4CDA30087E5AC /* ObjectMapper.framework */ = {isa = PBXFileReference; lastKnownFileType = wrapper.framework; name = ObjectMapper.framework; path = Carthage/Build/iOS/ObjectMapper.framework; sourceTree = "<group>"; };
		3882FBFB1CD122DA006B69FC /* API.swift */ = {isa = PBXFileReference; fileEncoding = 4; lastKnownFileType = sourcecode.swift; path = API.swift; sourceTree = "<group>"; };
		38947DD51CCFE2050008049A /* PKHUD.framework */ = {isa = PBXFileReference; lastKnownFileType = wrapper.framework; name = PKHUD.framework; path = Carthage/Build/iOS/PKHUD.framework; sourceTree = "<group>"; };
		38947DD61CCFE2050008049A /* Realm.framework */ = {isa = PBXFileReference; lastKnownFileType = wrapper.framework; name = Realm.framework; path = Carthage/Build/iOS/Realm.framework; sourceTree = "<group>"; };
		38947DD71CCFE2050008049A /* RealmSwift.framework */ = {isa = PBXFileReference; lastKnownFileType = wrapper.framework; name = RealmSwift.framework; path = Carthage/Build/iOS/RealmSwift.framework; sourceTree = "<group>"; };
		38947DD81CCFE2050008049A /* SwiftyJSON.framework */ = {isa = PBXFileReference; lastKnownFileType = wrapper.framework; name = SwiftyJSON.framework; path = Carthage/Build/iOS/SwiftyJSON.framework; sourceTree = "<group>"; };
		38A4231F1CE610ED004E2146 /* AppointmentCache.swift */ = {isa = PBXFileReference; fileEncoding = 4; lastKnownFileType = sourcecode.swift; path = AppointmentCache.swift; sourceTree = "<group>"; };
		38A423211CE63AB0004E2146 /* AppointmentExpandedCell.swift */ = {isa = PBXFileReference; fileEncoding = 4; lastKnownFileType = sourcecode.swift; path = AppointmentExpandedCell.swift; sourceTree = "<group>"; };
		38A423221CE63AB0004E2146 /* AppointmentExpandedCell.xib */ = {isa = PBXFileReference; fileEncoding = 4; lastKnownFileType = file.xib; path = AppointmentExpandedCell.xib; sourceTree = "<group>"; };
		38A423261CE63CF1004E2146 /* Gotham-Medium.otf */ = {isa = PBXFileReference; lastKnownFileType = file; path = "Gotham-Medium.otf"; sourceTree = "<group>"; };
		38A423271CE63CF1004E2146 /* MyriadPro-Regular_0.otf */ = {isa = PBXFileReference; lastKnownFileType = file; path = "MyriadPro-Regular_0.otf"; sourceTree = "<group>"; };
		38B36E851CCFC763009820D2 /* Alamofire.framework */ = {isa = PBXFileReference; lastKnownFileType = wrapper.framework; name = Alamofire.framework; path = Carthage/Build/iOS/Alamofire.framework; sourceTree = "<group>"; };
		38B370461CDCDA2F00B51011 /* BlockVacation.swift */ = {isa = PBXFileReference; fileEncoding = 4; lastKnownFileType = sourcecode.swift; path = BlockVacation.swift; sourceTree = "<group>"; };
		38B370481CDCE52100B51011 /* BlockVacationAPI.swift */ = {isa = PBXFileReference; fileEncoding = 4; lastKnownFileType = sourcecode.swift; path = BlockVacationAPI.swift; sourceTree = "<group>"; };
		38C8201B1CF08AD300A5095F /* RealmObject+Write.swift */ = {isa = PBXFileReference; fileEncoding = 4; lastKnownFileType = sourcecode.swift; path = "RealmObject+Write.swift"; sourceTree = "<group>"; };
		38C95A4B1CDBA0C000A6CBA7 /* CacheModel.swift */ = {isa = PBXFileReference; fileEncoding = 4; lastKnownFileType = sourcecode.swift; path = CacheModel.swift; sourceTree = "<group>"; };
		38C95A4D1CDBA69A00A6CBA7 /* PrescriptionAPI.swift */ = {isa = PBXFileReference; fileEncoding = 4; lastKnownFileType = sourcecode.swift; path = PrescriptionAPI.swift; sourceTree = "<group>"; };
		38C95A4F1CDBA81C00A6CBA7 /* Prescription.swift */ = {isa = PBXFileReference; fileEncoding = 4; lastKnownFileType = sourcecode.swift; path = Prescription.swift; sourceTree = "<group>"; };
		38CCDC831CE398F2001E0129 /* DateFormat.swift */ = {isa = PBXFileReference; fileEncoding = 4; lastKnownFileType = sourcecode.swift; path = DateFormat.swift; sourceTree = "<group>"; };
		38CEE8331CD26342000010D2 /* Utils.swift */ = {isa = PBXFileReference; fileEncoding = 4; lastKnownFileType = sourcecode.swift; path = Utils.swift; sourceTree = "<group>"; };
		38CEE8381CD269D0000010D2 /* LoginAPI.swift */ = {isa = PBXFileReference; fileEncoding = 4; lastKnownFileType = sourcecode.swift; path = LoginAPI.swift; sourceTree = "<group>"; };
		38E61DB61CD72009008D1870 /* AppointmentAPI.swift */ = {isa = PBXFileReference; fileEncoding = 4; lastKnownFileType = sourcecode.swift; path = AppointmentAPI.swift; sourceTree = "<group>"; };
		D90AE44A1CF4C2C60088860B /* AddPrescriptionCell.swift */ = {isa = PBXFileReference; fileEncoding = 4; lastKnownFileType = sourcecode.swift; path = AddPrescriptionCell.swift; sourceTree = "<group>"; };
		D90AE44B1CF4C2C60088860B /* AddPrescriptionCell.xib */ = {isa = PBXFileReference; fileEncoding = 4; lastKnownFileType = file.xib; path = AddPrescriptionCell.xib; sourceTree = "<group>"; };
		D915C8BE1CE1888B00C499CD /* AppointmentWaitingViewController.swift */ = {isa = PBXFileReference; fileEncoding = 4; lastKnownFileType = sourcecode.swift; path = AppointmentWaitingViewController.swift; sourceTree = "<group>"; };
		D915C8BF1CE1888B00C499CD /* AppointmentWaitingViewController.xib */ = {isa = PBXFileReference; fileEncoding = 4; lastKnownFileType = file.xib; path = AppointmentWaitingViewController.xib; sourceTree = "<group>"; };
		D915C8C21CE188D000C499CD /* AppointmentApproveViewController.swift */ = {isa = PBXFileReference; fileEncoding = 4; lastKnownFileType = sourcecode.swift; path = AppointmentApproveViewController.swift; sourceTree = "<group>"; };
		D915C8C31CE188D000C499CD /* AppointmentApproveViewController.xib */ = {isa = PBXFileReference; fileEncoding = 4; lastKnownFileType = file.xib; path = AppointmentApproveViewController.xib; sourceTree = "<group>"; };
		D915C8C61CE188F100C499CD /* AppointmentStartViewController.swift */ = {isa = PBXFileReference; fileEncoding = 4; lastKnownFileType = sourcecode.swift; path = AppointmentStartViewController.swift; sourceTree = "<group>"; };
		D915C8C71CE188F100C499CD /* AppointmentStartViewController.xib */ = {isa = PBXFileReference; fileEncoding = 4; lastKnownFileType = file.xib; path = AppointmentStartViewController.xib; sourceTree = "<group>"; };
		D92166A41CE24298004FA64C /* NotificationViewController.swift */ = {isa = PBXFileReference; fileEncoding = 4; lastKnownFileType = sourcecode.swift; path = NotificationViewController.swift; sourceTree = "<group>"; };
		D92166A51CE24298004FA64C /* NotificationViewController.xib */ = {isa = PBXFileReference; fileEncoding = 4; lastKnownFileType = file.xib; path = NotificationViewController.xib; sourceTree = "<group>"; };
		D92166AE1CE2C6BF004FA64C /* AddClinicTimingView.swift */ = {isa = PBXFileReference; fileEncoding = 4; lastKnownFileType = sourcecode.swift; name = AddClinicTimingView.swift; path = DoctorApp/ViewControllers/Schedule/AddClinicTimingView.swift; sourceTree = SOURCE_ROOT; };
		D92166AF1CE2C6BF004FA64C /* AddClinicTimingView.xib */ = {isa = PBXFileReference; fileEncoding = 4; lastKnownFileType = file.xib; name = AddClinicTimingView.xib; path = DoctorApp/ViewControllers/Schedule/AddClinicTimingView.xib; sourceTree = SOURCE_ROOT; };
		D965CD7D1CF37D6800746C8F /* PrescriptionCell.swift */ = {isa = PBXFileReference; fileEncoding = 4; lastKnownFileType = sourcecode.swift; path = PrescriptionCell.swift; sourceTree = "<group>"; };
		D965CD7E1CF37D6800746C8F /* PrescriptionCell.xib */ = {isa = PBXFileReference; fileEncoding = 4; lastKnownFileType = file.xib; path = PrescriptionCell.xib; sourceTree = "<group>"; };
		D967D9E91CD5B484002E4C0F /* UIView+Helpers.swift */ = {isa = PBXFileReference; fileEncoding = 4; lastKnownFileType = sourcecode.swift; path = "UIView+Helpers.swift"; sourceTree = "<group>"; };
		D967D9EB1CD5B5A5002E4C0F /* UITextField+Helpers.swift */ = {isa = PBXFileReference; fileEncoding = 4; lastKnownFileType = sourcecode.swift; path = "UITextField+Helpers.swift"; sourceTree = "<group>"; };
		D967D9ED1CD5B702002E4C0F /* Reachability.framework */ = {isa = PBXFileReference; lastKnownFileType = wrapper.framework; name = Reachability.framework; path = Carthage/Build/iOS/Reachability.framework; sourceTree = "<group>"; };
		D967D9F31CD5B739002E4C0F /* LoginViewController.swift */ = {isa = PBXFileReference; fileEncoding = 4; lastKnownFileType = sourcecode.swift; path = LoginViewController.swift; sourceTree = "<group>"; };
		D967D9F41CD5B739002E4C0F /* LoginViewController.xib */ = {isa = PBXFileReference; fileEncoding = 4; lastKnownFileType = file.xib; path = LoginViewController.xib; sourceTree = "<group>"; };
		D967D9FB1CD5BECE002E4C0F /* HomeCell.swift */ = {isa = PBXFileReference; fileEncoding = 4; lastKnownFileType = sourcecode.swift; path = HomeCell.swift; sourceTree = "<group>"; };
		D967D9FC1CD5BECE002E4C0F /* HomeCell.xib */ = {isa = PBXFileReference; fileEncoding = 4; lastKnownFileType = file.xib; path = HomeCell.xib; sourceTree = "<group>"; };
		D967D9FD1CD5BECE002E4C0F /* HomeViewController.swift */ = {isa = PBXFileReference; fileEncoding = 4; lastKnownFileType = sourcecode.swift; path = HomeViewController.swift; sourceTree = "<group>"; };
		D967D9FE1CD5BECE002E4C0F /* HomeViewController.xib */ = {isa = PBXFileReference; fileEncoding = 4; lastKnownFileType = file.xib; path = HomeViewController.xib; sourceTree = "<group>"; };
		D967DA031CD5BF56002E4C0F /* BaseMenuViewController.swift */ = {isa = PBXFileReference; fileEncoding = 4; lastKnownFileType = sourcecode.swift; path = BaseMenuViewController.swift; sourceTree = "<group>"; };
		D967DA041CD5BF56002E4C0F /* BaseViewController.swift */ = {isa = PBXFileReference; fileEncoding = 4; lastKnownFileType = sourcecode.swift; path = BaseViewController.swift; sourceTree = "<group>"; };
		D967DA071CD5C455002E4C0F /* Spring.framework */ = {isa = PBXFileReference; lastKnownFileType = wrapper.framework; name = Spring.framework; path = Carthage/Build/iOS/Spring.framework; sourceTree = "<group>"; };
		D967DA0B1CD5C511002E4C0F /* BorderedView.swift */ = {isa = PBXFileReference; fileEncoding = 4; lastKnownFileType = sourcecode.swift; path = BorderedView.swift; sourceTree = "<group>"; };
		D967DA0D1CD5C511002E4C0F /* MenuCell.swift */ = {isa = PBXFileReference; fileEncoding = 4; lastKnownFileType = sourcecode.swift; path = MenuCell.swift; sourceTree = "<group>"; };
		D967DA0E1CD5C511002E4C0F /* MenuCell.xib */ = {isa = PBXFileReference; fileEncoding = 4; lastKnownFileType = file.xib; path = MenuCell.xib; sourceTree = "<group>"; };
		D967DA0F1CD5C511002E4C0F /* MenuView.swift */ = {isa = PBXFileReference; fileEncoding = 4; lastKnownFileType = sourcecode.swift; path = MenuView.swift; sourceTree = "<group>"; };
		D967DA101CD5C511002E4C0F /* MenuView.xib */ = {isa = PBXFileReference; fileEncoding = 4; lastKnownFileType = file.xib; path = MenuView.xib; sourceTree = "<group>"; };
		D967DA111CD5C511002E4C0F /* NavigationBarView.swift */ = {isa = PBXFileReference; fileEncoding = 4; lastKnownFileType = sourcecode.swift; path = NavigationBarView.swift; sourceTree = "<group>"; };
		D967DA121CD5C511002E4C0F /* NavigationBarView.xib */ = {isa = PBXFileReference; fileEncoding = 4; lastKnownFileType = file.xib; path = NavigationBarView.xib; sourceTree = "<group>"; };
		D967DA1A1CD5C581002E4C0F /* Constants.swift */ = {isa = PBXFileReference; fileEncoding = 4; lastKnownFileType = sourcecode.swift; path = Constants.swift; sourceTree = "<group>"; };
		D967DA1D1CD5C634002E4C0F /* AppointmentViewController.swift */ = {isa = PBXFileReference; fileEncoding = 4; lastKnownFileType = sourcecode.swift; path = AppointmentViewController.swift; sourceTree = "<group>"; };
		D967DA1E1CD5C634002E4C0F /* AppointmentViewController.xib */ = {isa = PBXFileReference; fileEncoding = 4; lastKnownFileType = file.xib; path = AppointmentViewController.xib; sourceTree = "<group>"; };
		D967DA221CD7113A002E4C0F /* ScheduleViewController.swift */ = {isa = PBXFileReference; fileEncoding = 4; lastKnownFileType = sourcecode.swift; path = ScheduleViewController.swift; sourceTree = "<group>"; };
		D967DA241CD711BC002E4C0F /* ScheduleViewController.xib */ = {isa = PBXFileReference; fileEncoding = 4; lastKnownFileType = file.xib; path = ScheduleViewController.xib; sourceTree = "<group>"; };
		D97711C81CF1723000F2DBC9 /* NotificationCell.swift */ = {isa = PBXFileReference; fileEncoding = 4; lastKnownFileType = sourcecode.swift; path = NotificationCell.swift; sourceTree = "<group>"; };
		D97711C91CF1723000F2DBC9 /* NotificationCell.xib */ = {isa = PBXFileReference; fileEncoding = 4; lastKnownFileType = file.xib; path = NotificationCell.xib; sourceTree = "<group>"; };
		D97711CC1CF18F9A00F2DBC9 /* NotificationCache.swift */ = {isa = PBXFileReference; fileEncoding = 4; lastKnownFileType = sourcecode.swift; path = NotificationCache.swift; sourceTree = "<group>"; };
		D993967F1CE2D6760091DCE3 /* DataPicker.swift */ = {isa = PBXFileReference; fileEncoding = 4; lastKnownFileType = sourcecode.swift; path = DataPicker.swift; sourceTree = "<group>"; };
		D99396801CE2D6760091DCE3 /* DataPicker.xib */ = {isa = PBXFileReference; fileEncoding = 4; lastKnownFileType = file.xib; path = DataPicker.xib; sourceTree = "<group>"; };
		D99396811CE2D6760091DCE3 /* TimePicker.swift */ = {isa = PBXFileReference; fileEncoding = 4; lastKnownFileType = sourcecode.swift; path = TimePicker.swift; sourceTree = "<group>"; };
		D99396821CE2D6760091DCE3 /* TimePicker.xib */ = {isa = PBXFileReference; fileEncoding = 4; lastKnownFileType = file.xib; path = TimePicker.xib; sourceTree = "<group>"; };
		D99396871CE2D7F30091DCE3 /* ClinicTimingCell.swift */ = {isa = PBXFileReference; fileEncoding = 4; lastKnownFileType = sourcecode.swift; path = ClinicTimingCell.swift; sourceTree = "<group>"; };
		D99396881CE2D7F30091DCE3 /* ClinicTimingCell.xib */ = {isa = PBXFileReference; fileEncoding = 4; lastKnownFileType = file.xib; path = ClinicTimingCell.xib; sourceTree = "<group>"; };
		D993968B1CE2D8960091DCE3 /* ClinicTimeSlotCell.swift */ = {isa = PBXFileReference; fileEncoding = 4; lastKnownFileType = sourcecode.swift; path = ClinicTimeSlotCell.swift; sourceTree = "<group>"; };
		D993968C1CE2D8960091DCE3 /* ClinicTimeSlotCell.xib */ = {isa = PBXFileReference; fileEncoding = 4; lastKnownFileType = file.xib; path = ClinicTimeSlotCell.xib; sourceTree = "<group>"; };
		D9950E151CDDA21900340EE9 /* ClinicalViewController.swift */ = {isa = PBXFileReference; fileEncoding = 4; lastKnownFileType = sourcecode.swift; path = ClinicalViewController.swift; sourceTree = "<group>"; };
		D9950E161CDDA21900340EE9 /* ClinicalViewController.xib */ = {isa = PBXFileReference; fileEncoding = 4; lastKnownFileType = file.xib; path = ClinicalViewController.xib; sourceTree = "<group>"; };
		D9950E191CDDA22E00340EE9 /* PrescriptionViewController.swift */ = {isa = PBXFileReference; fileEncoding = 4; lastKnownFileType = sourcecode.swift; path = PrescriptionViewController.swift; sourceTree = "<group>"; };
		D9950E1A1CDDA22E00340EE9 /* PrescriptionViewController.xib */ = {isa = PBXFileReference; fileEncoding = 4; lastKnownFileType = file.xib; path = PrescriptionViewController.xib; sourceTree = "<group>"; };
		D9950E1E1CDDDF0400340EE9 /* AppointmentCell.swift */ = {isa = PBXFileReference; fileEncoding = 4; lastKnownFileType = sourcecode.swift; path = AppointmentCell.swift; sourceTree = "<group>"; };
		D9950E1F1CDDDF0400340EE9 /* AppointmentCell.xib */ = {isa = PBXFileReference; fileEncoding = 4; lastKnownFileType = file.xib; path = AppointmentCell.xib; sourceTree = "<group>"; };
		D9950E221CDDEBF800340EE9 /* ContainerView.swift */ = {isa = PBXFileReference; fileEncoding = 4; lastKnownFileType = sourcecode.swift; path = ContainerView.swift; sourceTree = "<group>"; };
		D9950E241CDDEC4600340EE9 /* BaseTabViewController.swift */ = {isa = PBXFileReference; fileEncoding = 4; lastKnownFileType = sourcecode.swift; path = BaseTabViewController.swift; sourceTree = "<group>"; };
		D9950E261CDDED3B00340EE9 /* NoteViewController.swift */ = {isa = PBXFileReference; fileEncoding = 4; lastKnownFileType = sourcecode.swift; path = NoteViewController.swift; sourceTree = "<group>"; };
		D9950E281CDDED7000340EE9 /* NoteStoryboard.storyboard */ = {isa = PBXFileReference; fileEncoding = 4; lastKnownFileType = file.storyboard; path = NoteStoryboard.storyboard; sourceTree = "<group>"; };
		D9C03FBF1CF55F4C00C08A70 /* TimmingSlot.swift */ = {isa = PBXFileReference; fileEncoding = 4; lastKnownFileType = sourcecode.swift; path = TimmingSlot.swift; sourceTree = "<group>"; };
		D9C03FC11CF5DEEE00C08A70 /* AppointmentType.swift */ = {isa = PBXFileReference; fileEncoding = 4; lastKnownFileType = sourcecode.swift; path = AppointmentType.swift; sourceTree = "<group>"; };
		D9C154611CDF205C0010B989 /* AppDataHelper.swift */ = {isa = PBXFileReference; fileEncoding = 4; lastKnownFileType = sourcecode.swift; path = AppDataHelper.swift; sourceTree = "<group>"; };
		E370F8E61CDCF02F005BE9F0 /* Profile.swift */ = {isa = PBXFileReference; fileEncoding = 4; lastKnownFileType = sourcecode.swift; path = Profile.swift; sourceTree = "<group>"; };
		E370F8E81CDCF03D005BE9F0 /* UserProfile.swift */ = {isa = PBXFileReference; fileEncoding = 4; lastKnownFileType = sourcecode.swift; path = UserProfile.swift; sourceTree = "<group>"; };
		E370F8EA1CDCF17C005BE9F0 /* MedicarProfile.swift */ = {isa = PBXFileReference; fileEncoding = 4; lastKnownFileType = sourcecode.swift; path = MedicarProfile.swift; sourceTree = "<group>"; };
		E370F8EC1CDCF61F005BE9F0 /* NotificationAPI.swift */ = {isa = PBXFileReference; fileEncoding = 4; lastKnownFileType = sourcecode.swift; path = NotificationAPI.swift; sourceTree = "<group>"; };
		E370F8EE1CDCF625005BE9F0 /* Notification.swift */ = {isa = PBXFileReference; fileEncoding = 4; lastKnownFileType = sourcecode.swift; path = Notification.swift; sourceTree = "<group>"; };
/* End PBXFileReference section */

/* Begin PBXFrameworksBuildPhase section */
		38758BA51CCE710B00AEC3BB /* Frameworks */ = {
			isa = PBXFrameworksBuildPhase;
			buildActionMask = 2147483647;
			files = (
				3876AB701CD4CDA30087E5AC /* ObjectMapper.framework in Frameworks */,
				38947DD91CCFE2050008049A /* PKHUD.framework in Frameworks */,
				38947DDA1CCFE2050008049A /* Realm.framework in Frameworks */,
				D967D9EF1CD5B70C002E4C0F /* Reachability.framework in Frameworks */,
				38947DDB1CCFE2050008049A /* RealmSwift.framework in Frameworks */,
				D967DA081CD5C455002E4C0F /* Spring.framework in Frameworks */,
				38947DDC1CCFE2050008049A /* SwiftyJSON.framework in Frameworks */,
				38B36E861CCFC763009820D2 /* Alamofire.framework in Frameworks */,
				D967D9EE1CD5B702002E4C0F /* Reachability.framework in Frameworks */,
			);
			runOnlyForDeploymentPostprocessing = 0;
		};
/* End PBXFrameworksBuildPhase section */

/* Begin PBXGroup section */
		3817E7871CE4E8BB006E3B5A /* Cache */ = {
			isa = PBXGroup;
			children = (
				3817E7881CE4E906006E3B5A /* BaseCache.swift */,
				38A4231F1CE610ED004E2146 /* AppointmentCache.swift */,
				D97711CC1CF18F9A00F2DBC9 /* NotificationCache.swift */,
			);
			path = Cache;
			sourceTree = "<group>";
		};
		38758B9F1CCE710B00AEC3BB = {
			isa = PBXGroup;
			children = (
				D967DA071CD5C455002E4C0F /* Spring.framework */,
				3876AB6F1CD4CDA30087E5AC /* ObjectMapper.framework */,
				38947DD51CCFE2050008049A /* PKHUD.framework */,
				38947DD61CCFE2050008049A /* Realm.framework */,
				38947DD71CCFE2050008049A /* RealmSwift.framework */,
				38947DD81CCFE2050008049A /* SwiftyJSON.framework */,
				38B36E851CCFC763009820D2 /* Alamofire.framework */,
				D967D9ED1CD5B702002E4C0F /* Reachability.framework */,
				38758BAA1CCE710C00AEC3BB /* DoctorApp */,
				38A423251CE63CDE004E2146 /* Resources */,
				38758BA91CCE710B00AEC3BB /* Products */,
			);
			sourceTree = "<group>";
		};
		38758BA91CCE710B00AEC3BB /* Products */ = {
			isa = PBXGroup;
			children = (
				38758BA81CCE710B00AEC3BB /* DoctorApp.app */,
			);
			name = Products;
			sourceTree = "<group>";
		};
		38758BAA1CCE710C00AEC3BB /* DoctorApp */ = {
			isa = PBXGroup;
			children = (
				D967D9E81CD5B46B002E4C0F /* Extensions */,
				38CEE8351CD2683B000010D2 /* Glob */,
				38CEE8321CD26335000010D2 /* Utils */,
				3882FBFA1CD12278006B69FC /* API */,
				3876AB681CD4BF810087E5AC /* Model */,
				38CCDC851CE39EA9001E0129 /* Persist */,
				D967DA0A1CD5C511002E4C0F /* Views */,
				D967D9F11CD5B739002E4C0F /* ViewControllers */,
				38758BAB1CCE710C00AEC3BB /* AppDelegate.swift */,
				38758BAD1CCE710C00AEC3BB /* ViewController.swift */,
				38758BAF1CCE710C00AEC3BB /* Main.storyboard */,
				38758BB21CCE710C00AEC3BB /* Assets.xcassets */,
				38758BB41CCE710C00AEC3BB /* LaunchScreen.storyboard */,
				38758BB71CCE710C00AEC3BB /* Info.plist */,
			);
			path = DoctorApp;
			sourceTree = "<group>";
		};
		3876AB681CD4BF810087E5AC /* Model */ = {
			isa = PBXGroup;
			children = (
				3876AB691CD4C0C30087E5AC /* Timings.swift */,
				D9C03FBF1CF55F4C00C08A70 /* TimmingSlot.swift */,
				386B7A9F1CD798FE00BC28BA /* Appointment.swift */,
				D9C03FC11CF5DEEE00C08A70 /* AppointmentType.swift */,
				38C95A4B1CDBA0C000A6CBA7 /* CacheModel.swift */,
				38C95A4F1CDBA81C00A6CBA7 /* Prescription.swift */,
				38B370461CDCDA2F00B51011 /* BlockVacation.swift */,
				E370F8E81CDCF03D005BE9F0 /* UserProfile.swift */,
				E370F8EA1CDCF17C005BE9F0 /* MedicarProfile.swift */,
				E370F8EE1CDCF625005BE9F0 /* Notification.swift */,
			);
			path = Model;
			sourceTree = "<group>";
		};
		3882FBFA1CD12278006B69FC /* API */ = {
			isa = PBXGroup;
			children = (
				3882FBFB1CD122DA006B69FC /* API.swift */,
				38CEE8381CD269D0000010D2 /* LoginAPI.swift */,
				3876AB641CD492370087E5AC /* TimingsAPI.swift */,
				38E61DB61CD72009008D1870 /* AppointmentAPI.swift */,
				38C95A4D1CDBA69A00A6CBA7 /* PrescriptionAPI.swift */,
				38B370481CDCE52100B51011 /* BlockVacationAPI.swift */,
				E370F8E61CDCF02F005BE9F0 /* Profile.swift */,
				E370F8EC1CDCF61F005BE9F0 /* NotificationAPI.swift */,
			);
			path = API;
			sourceTree = "<group>";
		};
		38A423251CE63CDE004E2146 /* Resources */ = {
			isa = PBXGroup;
			children = (
				38A423261CE63CF1004E2146 /* Gotham-Medium.otf */,
				38A423271CE63CF1004E2146 /* MyriadPro-Regular_0.otf */,
			);
			name = Resources;
			path = DoctorApp/Resources;
			sourceTree = "<group>";
		};
		38CCDC851CE39EA9001E0129 /* Persist */ = {
			isa = PBXGroup;
			children = (
				3817E7851CE4E726006E3B5A /* Persist.swift */,
				3817E7871CE4E8BB006E3B5A /* Cache */,
			);
			path = Persist;
			sourceTree = "<group>";
		};
		38CEE8321CD26335000010D2 /* Utils */ = {
			isa = PBXGroup;
			children = (
				38CEE8331CD26342000010D2 /* Utils.swift */,
				3876AB661CD4BDA30087E5AC /* APIData+Safe.swift */,
				386B7AA31CD7994700BC28BA /* Reflectable.swift */,
				D9C154611CDF205C0010B989 /* AppDataHelper.swift */,
			);
			path = Utils;
			sourceTree = "<group>";
		};
		38CEE8351CD2683B000010D2 /* Glob */ = {
			isa = PBXGroup;
			children = (
				D967DA1A1CD5C581002E4C0F /* Constants.swift */,
				38CCDC831CE398F2001E0129 /* DateFormat.swift */,
			);
			path = Glob;
			sourceTree = "<group>";
		};
		D921669F1CE2423D004FA64C /* Notification */ = {
			isa = PBXGroup;
			children = (
				D97711C71CF1723000F2DBC9 /* cell */,
				D92166A41CE24298004FA64C /* NotificationViewController.swift */,
				D92166A51CE24298004FA64C /* NotificationViewController.xib */,
			);
			path = Notification;
			sourceTree = "<group>";
		};
		D965CD7C1CF37D6800746C8F /* cell */ = {
			isa = PBXGroup;
			children = (
				D90AE44A1CF4C2C60088860B /* AddPrescriptionCell.swift */,
				D90AE44B1CF4C2C60088860B /* AddPrescriptionCell.xib */,
				D965CD7D1CF37D6800746C8F /* PrescriptionCell.swift */,
				D965CD7E1CF37D6800746C8F /* PrescriptionCell.xib */,
			);
			path = cell;
			sourceTree = "<group>";
		};
		D967D9E81CD5B46B002E4C0F /* Extensions */ = {
			isa = PBXGroup;
			children = (
				D967D9E91CD5B484002E4C0F /* UIView+Helpers.swift */,
				D967D9EB1CD5B5A5002E4C0F /* UITextField+Helpers.swift */,
				38C8201B1CF08AD300A5095F /* RealmObject+Write.swift */,
			);
			path = Extensions;
			sourceTree = "<group>";
		};
		D967D9F11CD5B739002E4C0F /* ViewControllers */ = {
			isa = PBXGroup;
			children = (
				D921669F1CE2423D004FA64C /* Notification */,
				D9950E0A1CDD083400340EE9 /* Note */,
				D967DA211CD71116002E4C0F /* Schedule */,
				D967DA1C1CD5C634002E4C0F /* Appointment */,
				D967D9F21CD5B739002E4C0F /* Login */,
				D967D9F91CD5BECE002E4C0F /* Home */,
				D967DA031CD5BF56002E4C0F /* BaseMenuViewController.swift */,
				D967DA041CD5BF56002E4C0F /* BaseViewController.swift */,
				D9950E241CDDEC4600340EE9 /* BaseTabViewController.swift */,
			);
			path = ViewControllers;
			sourceTree = "<group>";
		};
		D967D9F21CD5B739002E4C0F /* Login */ = {
			isa = PBXGroup;
			children = (
				D967D9F31CD5B739002E4C0F /* LoginViewController.swift */,
				D967D9F41CD5B739002E4C0F /* LoginViewController.xib */,
			);
			path = Login;
			sourceTree = "<group>";
		};
		D967D9F91CD5BECE002E4C0F /* Home */ = {
			isa = PBXGroup;
			children = (
				D967D9FA1CD5BECE002E4C0F /* Cell */,
				D967D9FD1CD5BECE002E4C0F /* HomeViewController.swift */,
				D967D9FE1CD5BECE002E4C0F /* HomeViewController.xib */,
			);
			path = Home;
			sourceTree = "<group>";
		};
		D967D9FA1CD5BECE002E4C0F /* Cell */ = {
			isa = PBXGroup;
			children = (
				D967D9FB1CD5BECE002E4C0F /* HomeCell.swift */,
				D967D9FC1CD5BECE002E4C0F /* HomeCell.xib */,
			);
			path = Cell;
			sourceTree = "<group>";
		};
		D967DA0A1CD5C511002E4C0F /* Views */ = {
			isa = PBXGroup;
			children = (
				D993967E1CE2D6760091DCE3 /* Picker */,
				D967DA0C1CD5C511002E4C0F /* Menu */,
				D967DA0B1CD5C511002E4C0F /* BorderedView.swift */,
				D967DA111CD5C511002E4C0F /* NavigationBarView.swift */,
				D967DA121CD5C511002E4C0F /* NavigationBarView.xib */,
			);
			path = Views;
			sourceTree = "<group>";
		};
		D967DA0C1CD5C511002E4C0F /* Menu */ = {
			isa = PBXGroup;
			children = (
				D967DA0D1CD5C511002E4C0F /* MenuCell.swift */,
				D967DA0E1CD5C511002E4C0F /* MenuCell.xib */,
				D967DA0F1CD5C511002E4C0F /* MenuView.swift */,
				D967DA101CD5C511002E4C0F /* MenuView.xib */,
			);
			path = Menu;
			sourceTree = "<group>";
		};
		D967DA1C1CD5C634002E4C0F /* Appointment */ = {
			isa = PBXGroup;
			children = (
				D9950E1D1CDDDF0400340EE9 /* Cell */,
				D967DA1D1CD5C634002E4C0F /* AppointmentViewController.swift */,
				D967DA1E1CD5C634002E4C0F /* AppointmentViewController.xib */,
				D915C8BE1CE1888B00C499CD /* AppointmentWaitingViewController.swift */,
				D915C8BF1CE1888B00C499CD /* AppointmentWaitingViewController.xib */,
				D915C8C21CE188D000C499CD /* AppointmentApproveViewController.swift */,
				D915C8C31CE188D000C499CD /* AppointmentApproveViewController.xib */,
				D915C8C61CE188F100C499CD /* AppointmentStartViewController.swift */,
				D915C8C71CE188F100C499CD /* AppointmentStartViewController.xib */,
				3820F75F1CE890B0005BEFA7 /* CancelReasonViewController.swift */,
				3820F7601CE890B0005BEFA7 /* CancelReasonViewController.xib */,
			);
			path = Appointment;
			sourceTree = "<group>";
		};
		D967DA211CD71116002E4C0F /* Schedule */ = {
			isa = PBXGroup;
			children = (
				D9950E2A1CDDF53500340EE9 /* cell */,
				D92166AE1CE2C6BF004FA64C /* AddClinicTimingView.swift */,
				D92166AF1CE2C6BF004FA64C /* AddClinicTimingView.xib */,
				D967DA221CD7113A002E4C0F /* ScheduleViewController.swift */,
				D967DA241CD711BC002E4C0F /* ScheduleViewController.xib */,
			);
			path = Schedule;
			sourceTree = "<group>";
		};
		D97711C71CF1723000F2DBC9 /* cell */ = {
			isa = PBXGroup;
			children = (
				D97711C81CF1723000F2DBC9 /* NotificationCell.swift */,
				D97711C91CF1723000F2DBC9 /* NotificationCell.xib */,
			);
			path = cell;
			sourceTree = "<group>";
		};
		D993967E1CE2D6760091DCE3 /* Picker */ = {
			isa = PBXGroup;
			children = (
				D993967F1CE2D6760091DCE3 /* DataPicker.swift */,
				D99396801CE2D6760091DCE3 /* DataPicker.xib */,
				D99396811CE2D6760091DCE3 /* TimePicker.swift */,
				D99396821CE2D6760091DCE3 /* TimePicker.xib */,
			);
			path = Picker;
			sourceTree = "<group>";
		};
		D9950E0A1CDD083400340EE9 /* Note */ = {
			isa = PBXGroup;
			children = (
				D965CD7C1CF37D6800746C8F /* cell */,
				D9950E281CDDED7000340EE9 /* NoteStoryboard.storyboard */,
				D9950E261CDDED3B00340EE9 /* NoteViewController.swift */,
				D9950E221CDDEBF800340EE9 /* ContainerView.swift */,
				D9950E151CDDA21900340EE9 /* ClinicalViewController.swift */,
				D9950E161CDDA21900340EE9 /* ClinicalViewController.xib */,
				D9950E191CDDA22E00340EE9 /* PrescriptionViewController.swift */,
				D9950E1A1CDDA22E00340EE9 /* PrescriptionViewController.xib */,
			);
			path = Note;
			sourceTree = "<group>";
		};
		D9950E1D1CDDDF0400340EE9 /* Cell */ = {
			isa = PBXGroup;
			children = (
				D9950E1E1CDDDF0400340EE9 /* AppointmentCell.swift */,
				D9950E1F1CDDDF0400340EE9 /* AppointmentCell.xib */,
				38A423211CE63AB0004E2146 /* AppointmentExpandedCell.swift */,
				38A423221CE63AB0004E2146 /* AppointmentExpandedCell.xib */,
			);
			path = Cell;
			sourceTree = "<group>";
		};
		D9950E2A1CDDF53500340EE9 /* cell */ = {
			isa = PBXGroup;
			children = (
				D99396871CE2D7F30091DCE3 /* ClinicTimingCell.swift */,
				D99396881CE2D7F30091DCE3 /* ClinicTimingCell.xib */,
				D993968B1CE2D8960091DCE3 /* ClinicTimeSlotCell.swift */,
				D993968C1CE2D8960091DCE3 /* ClinicTimeSlotCell.xib */,
			);
			path = cell;
			sourceTree = "<group>";
		};
/* End PBXGroup section */

/* Begin PBXNativeTarget section */
		38758BA71CCE710B00AEC3BB /* DoctorApp */ = {
			isa = PBXNativeTarget;
			buildConfigurationList = 38758BBA1CCE710C00AEC3BB /* Build configuration list for PBXNativeTarget "DoctorApp" */;
			buildPhases = (
				38758BA41CCE710B00AEC3BB /* Sources */,
				38758BA61CCE710B00AEC3BB /* Resources */,
				38758BA51CCE710B00AEC3BB /* Frameworks */,
				D99378F11CD0BCFF00EEF391 /* CopyFiles */,
			);
			buildRules = (
			);
			dependencies = (
			);
			name = DoctorApp;
			productName = DoctorApp;
			productReference = 38758BA81CCE710B00AEC3BB /* DoctorApp.app */;
			productType = "com.apple.product-type.application";
		};
/* End PBXNativeTarget section */

/* Begin PBXProject section */
		38758BA01CCE710B00AEC3BB /* Project object */ = {
			isa = PBXProject;
			attributes = {
				LastSwiftUpdateCheck = 0730;
				LastUpgradeCheck = 0730;
				ORGANIZATIONNAME = Salm;
				TargetAttributes = {
					38758BA71CCE710B00AEC3BB = {
						CreatedOnToolsVersion = 7.3;
					};
				};
			};
			buildConfigurationList = 38758BA31CCE710B00AEC3BB /* Build configuration list for PBXProject "DoctorApp" */;
			compatibilityVersion = "Xcode 3.2";
			developmentRegion = English;
			hasScannedForEncodings = 0;
			knownRegions = (
				en,
				Base,
			);
			mainGroup = 38758B9F1CCE710B00AEC3BB;
			productRefGroup = 38758BA91CCE710B00AEC3BB /* Products */;
			projectDirPath = "";
			projectRoot = "";
			targets = (
				38758BA71CCE710B00AEC3BB /* DoctorApp */,
			);
		};
/* End PBXProject section */

/* Begin PBXResourcesBuildPhase section */
		38758BA61CCE710B00AEC3BB /* Resources */ = {
			isa = PBXResourcesBuildPhase;
			buildActionMask = 2147483647;
			files = (
				D967D9F61CD5B739002E4C0F /* LoginViewController.xib in Resources */,
				D9950E181CDDA21900340EE9 /* ClinicalViewController.xib in Resources */,
				D915C8C91CE188F100C499CD /* AppointmentStartViewController.xib in Resources */,
				D965CD801CF37D6800746C8F /* PrescriptionCell.xib in Resources */,
				38758BB61CCE710C00AEC3BB /* LaunchScreen.storyboard in Resources */,
				D915C8C11CE1888B00C499CD /* AppointmentWaitingViewController.xib in Resources */,
				D967DA201CD5C634002E4C0F /* AppointmentViewController.xib in Resources */,
				D9950E211CDDDF0400340EE9 /* AppointmentCell.xib in Resources */,
				D967DA151CD5C511002E4C0F /* MenuCell.xib in Resources */,
				38758BB31CCE710C00AEC3BB /* Assets.xcassets in Resources */,
				D993968E1CE2D8960091DCE3 /* ClinicTimeSlotCell.xib in Resources */,
				D967DA191CD5C511002E4C0F /* NavigationBarView.xib in Resources */,
				38758BB11CCE710C00AEC3BB /* Main.storyboard in Resources */,
				D9950E1C1CDDA22E00340EE9 /* PrescriptionViewController.xib in Resources */,
				D967DA171CD5C511002E4C0F /* MenuView.xib in Resources */,
				38A423281CE63CF1004E2146 /* Gotham-Medium.otf in Resources */,
				D99396861CE2D6760091DCE3 /* TimePicker.xib in Resources */,
				38A423241CE63AB0004E2146 /* AppointmentExpandedCell.xib in Resources */,
				D915C8C51CE188D000C499CD /* AppointmentApproveViewController.xib in Resources */,
				D90AE44D1CF4C2C60088860B /* AddPrescriptionCell.xib in Resources */,
				D967DA251CD711BC002E4C0F /* ScheduleViewController.xib in Resources */,
				D92166A71CE24298004FA64C /* NotificationViewController.xib in Resources */,
				D993968A1CE2D7F30091DCE3 /* ClinicTimingCell.xib in Resources */,
				D967DA001CD5BECE002E4C0F /* HomeCell.xib in Resources */,
				D967DA021CD5BECE002E4C0F /* HomeViewController.xib in Resources */,
				D9950E291CDDED7000340EE9 /* NoteStoryboard.storyboard in Resources */,
				3820F7621CE890B0005BEFA7 /* CancelReasonViewController.xib in Resources */,
				D92166B11CE2C6BF004FA64C /* AddClinicTimingView.xib in Resources */,
				38A423291CE63CF1004E2146 /* MyriadPro-Regular_0.otf in Resources */,
				D99396841CE2D6760091DCE3 /* DataPicker.xib in Resources */,
				D97711CB1CF1723000F2DBC9 /* NotificationCell.xib in Resources */,
			);
			runOnlyForDeploymentPostprocessing = 0;
		};
/* End PBXResourcesBuildPhase section */

/* Begin PBXSourcesBuildPhase section */
		38758BA41CCE710B00AEC3BB /* Sources */ = {
			isa = PBXSourcesBuildPhase;
			buildActionMask = 2147483647;
			files = (
				D967DA1F1CD5C634002E4C0F /* AppointmentViewController.swift in Sources */,
				3876AB651CD492370087E5AC /* TimingsAPI.swift in Sources */,
				38758BAE1CCE710C00AEC3BB /* ViewController.swift in Sources */,
				38A423201CE610ED004E2146 /* AppointmentCache.swift in Sources */,
				D915C8C41CE188D000C499CD /* AppointmentApproveViewController.swift in Sources */,
				D915C8C81CE188F100C499CD /* AppointmentStartViewController.swift in Sources */,
				38C95A501CDBA81C00A6CBA7 /* Prescription.swift in Sources */,
				386B7AA01CD798FE00BC28BA /* Appointment.swift in Sources */,
				D99396851CE2D6760091DCE3 /* TimePicker.swift in Sources */,
				D92166B01CE2C6BF004FA64C /* AddClinicTimingView.swift in Sources */,
				38C95A4C1CDBA0C000A6CBA7 /* CacheModel.swift in Sources */,
				D967DA181CD5C511002E4C0F /* NavigationBarView.swift in Sources */,
				D967D9F51CD5B739002E4C0F /* LoginViewController.swift in Sources */,
				D9950E271CDDED3B00340EE9 /* NoteViewController.swift in Sources */,
				D967D9FF1CD5BECE002E4C0F /* HomeCell.swift in Sources */,
				E370F8E71CDCF02F005BE9F0 /* Profile.swift in Sources */,
				38C8201C1CF08AD300A5095F /* RealmObject+Write.swift in Sources */,
				38A423231CE63AB0004E2146 /* AppointmentExpandedCell.swift in Sources */,
				38B370491CDCE52100B51011 /* BlockVacationAPI.swift in Sources */,
				D967DA1B1CD5C581002E4C0F /* Constants.swift in Sources */,
				D90AE44C1CF4C2C60088860B /* AddPrescriptionCell.swift in Sources */,
				D967DA061CD5BF56002E4C0F /* BaseViewController.swift in Sources */,
				D967DA141CD5C511002E4C0F /* MenuCell.swift in Sources */,
				D967DA161CD5C511002E4C0F /* MenuView.swift in Sources */,
				D9950E251CDDEC4600340EE9 /* BaseTabViewController.swift in Sources */,
				D965CD7F1CF37D6800746C8F /* PrescriptionCell.swift in Sources */,
				3882FBFC1CD122DA006B69FC /* API.swift in Sources */,
				38B370471CDCDA2F00B51011 /* BlockVacation.swift in Sources */,
				3876AB671CD4BDA30087E5AC /* APIData+Safe.swift in Sources */,
				D97711CA1CF1723000F2DBC9 /* NotificationCell.swift in Sources */,
				3817E7861CE4E726006E3B5A /* Persist.swift in Sources */,
				D9950E231CDDEBF800340EE9 /* ContainerView.swift in Sources */,
				D915C8C01CE1888B00C499CD /* AppointmentWaitingViewController.swift in Sources */,
				3876AB6A1CD4C0C30087E5AC /* Timings.swift in Sources */,
				D9C03FC01CF55F4C00C08A70 /* TimmingSlot.swift in Sources */,
				38758BAC1CCE710C00AEC3BB /* AppDelegate.swift in Sources */,
				38E61DB71CD72009008D1870 /* AppointmentAPI.swift in Sources */,
				D967DA231CD7113A002E4C0F /* ScheduleViewController.swift in Sources */,
				D9C03FC21CF5DEEE00C08A70 /* AppointmentType.swift in Sources */,
				D99396891CE2D7F30091DCE3 /* ClinicTimingCell.swift in Sources */,
				D967D9EA1CD5B484002E4C0F /* UIView+Helpers.swift in Sources */,
				D9950E171CDDA21900340EE9 /* ClinicalViewController.swift in Sources */,
				3817E7891CE4E906006E3B5A /* BaseCache.swift in Sources */,
				D9950E201CDDDF0400340EE9 /* AppointmentCell.swift in Sources */,
				D967DA011CD5BECE002E4C0F /* HomeViewController.swift in Sources */,
				D967DA051CD5BF56002E4C0F /* BaseMenuViewController.swift in Sources */,
				D9C154621CDF205C0010B989 /* AppDataHelper.swift in Sources */,
				38C95A4E1CDBA69A00A6CBA7 /* PrescriptionAPI.swift in Sources */,
				E370F8EB1CDCF17C005BE9F0 /* MedicarProfile.swift in Sources */,
				D97711CD1CF18F9A00F2DBC9 /* NotificationCache.swift in Sources */,
				38CEE8391CD269D0000010D2 /* LoginAPI.swift in Sources */,
				38CEE8341CD26342000010D2 /* Utils.swift in Sources */,
				E370F8ED1CDCF61F005BE9F0 /* NotificationAPI.swift in Sources */,
				D92166A61CE24298004FA64C /* NotificationViewController.swift in Sources */,
				E370F8E91CDCF03D005BE9F0 /* UserProfile.swift in Sources */,
				E370F8EF1CDCF625005BE9F0 /* Notification.swift in Sources */,
				D99396831CE2D6760091DCE3 /* DataPicker.swift in Sources */,
				386B7AA41CD7994700BC28BA /* Reflectable.swift in Sources */,
				D967D9EC1CD5B5A5002E4C0F /* UITextField+Helpers.swift in Sources */,
				3820F7611CE890B0005BEFA7 /* CancelReasonViewController.swift in Sources */,
				D9950E1B1CDDA22E00340EE9 /* PrescriptionViewController.swift in Sources */,
				D993968D1CE2D8960091DCE3 /* ClinicTimeSlotCell.swift in Sources */,
				38CCDC841CE398F2001E0129 /* DateFormat.swift in Sources */,
				D967DA131CD5C511002E4C0F /* BorderedView.swift in Sources */,
			);
			runOnlyForDeploymentPostprocessing = 0;
		};
/* End PBXSourcesBuildPhase section */

/* Begin PBXVariantGroup section */
		38758BAF1CCE710C00AEC3BB /* Main.storyboard */ = {
			isa = PBXVariantGroup;
			children = (
				38758BB01CCE710C00AEC3BB /* Base */,
			);
			name = Main.storyboard;
			sourceTree = "<group>";
		};
		38758BB41CCE710C00AEC3BB /* LaunchScreen.storyboard */ = {
			isa = PBXVariantGroup;
			children = (
				38758BB51CCE710C00AEC3BB /* Base */,
			);
			name = LaunchScreen.storyboard;
			sourceTree = "<group>";
		};
/* End PBXVariantGroup section */

/* Begin XCBuildConfiguration section */
		38758BB81CCE710C00AEC3BB /* Debug */ = {
			isa = XCBuildConfiguration;
			buildSettings = {
				ALWAYS_SEARCH_USER_PATHS = NO;
				CLANG_ANALYZER_NONNULL = YES;
				CLANG_CXX_LANGUAGE_STANDARD = "gnu++0x";
				CLANG_CXX_LIBRARY = "libc++";
				CLANG_ENABLE_MODULES = YES;
				CLANG_ENABLE_OBJC_ARC = YES;
				CLANG_WARN_BOOL_CONVERSION = YES;
				CLANG_WARN_CONSTANT_CONVERSION = YES;
				CLANG_WARN_DIRECT_OBJC_ISA_USAGE = YES_ERROR;
				CLANG_WARN_EMPTY_BODY = YES;
				CLANG_WARN_ENUM_CONVERSION = YES;
				CLANG_WARN_INT_CONVERSION = YES;
				CLANG_WARN_OBJC_ROOT_CLASS = YES_ERROR;
				CLANG_WARN_UNREACHABLE_CODE = YES;
				CLANG_WARN__DUPLICATE_METHOD_MATCH = YES;
				"CODE_SIGN_IDENTITY[sdk=iphoneos*]" = "iPhone Developer";
				COPY_PHASE_STRIP = NO;
				DEBUG_INFORMATION_FORMAT = dwarf;
				ENABLE_STRICT_OBJC_MSGSEND = YES;
				ENABLE_TESTABILITY = YES;
				GCC_C_LANGUAGE_STANDARD = gnu99;
				GCC_DYNAMIC_NO_PIC = NO;
				GCC_NO_COMMON_BLOCKS = YES;
				GCC_OPTIMIZATION_LEVEL = 0;
				GCC_PREPROCESSOR_DEFINITIONS = (
					"DEBUG=1",
					"$(inherited)",
				);
				GCC_WARN_64_TO_32_BIT_CONVERSION = YES;
				GCC_WARN_ABOUT_RETURN_TYPE = YES_ERROR;
				GCC_WARN_UNDECLARED_SELECTOR = YES;
				GCC_WARN_UNINITIALIZED_AUTOS = YES_AGGRESSIVE;
				GCC_WARN_UNUSED_FUNCTION = YES;
				GCC_WARN_UNUSED_VARIABLE = YES;
				IPHONEOS_DEPLOYMENT_TARGET = 9.3;
				MTL_ENABLE_DEBUG_INFO = YES;
				ONLY_ACTIVE_ARCH = YES;
				SDKROOT = iphoneos;
				SWIFT_OPTIMIZATION_LEVEL = "-Onone";
				TARGETED_DEVICE_FAMILY = "1,2";
			};
			name = Debug;
		};
		38758BB91CCE710C00AEC3BB /* Release */ = {
			isa = XCBuildConfiguration;
			buildSettings = {
				ALWAYS_SEARCH_USER_PATHS = NO;
				CLANG_ANALYZER_NONNULL = YES;
				CLANG_CXX_LANGUAGE_STANDARD = "gnu++0x";
				CLANG_CXX_LIBRARY = "libc++";
				CLANG_ENABLE_MODULES = YES;
				CLANG_ENABLE_OBJC_ARC = YES;
				CLANG_WARN_BOOL_CONVERSION = YES;
				CLANG_WARN_CONSTANT_CONVERSION = YES;
				CLANG_WARN_DIRECT_OBJC_ISA_USAGE = YES_ERROR;
				CLANG_WARN_EMPTY_BODY = YES;
				CLANG_WARN_ENUM_CONVERSION = YES;
				CLANG_WARN_INT_CONVERSION = YES;
				CLANG_WARN_OBJC_ROOT_CLASS = YES_ERROR;
				CLANG_WARN_UNREACHABLE_CODE = YES;
				CLANG_WARN__DUPLICATE_METHOD_MATCH = YES;
				"CODE_SIGN_IDENTITY[sdk=iphoneos*]" = "iPhone Developer";
				COPY_PHASE_STRIP = NO;
				DEBUG_INFORMATION_FORMAT = "dwarf-with-dsym";
				ENABLE_NS_ASSERTIONS = NO;
				ENABLE_STRICT_OBJC_MSGSEND = YES;
				GCC_C_LANGUAGE_STANDARD = gnu99;
				GCC_NO_COMMON_BLOCKS = YES;
				GCC_WARN_64_TO_32_BIT_CONVERSION = YES;
				GCC_WARN_ABOUT_RETURN_TYPE = YES_ERROR;
				GCC_WARN_UNDECLARED_SELECTOR = YES;
				GCC_WARN_UNINITIALIZED_AUTOS = YES_AGGRESSIVE;
				GCC_WARN_UNUSED_FUNCTION = YES;
				GCC_WARN_UNUSED_VARIABLE = YES;
				IPHONEOS_DEPLOYMENT_TARGET = 9.3;
				MTL_ENABLE_DEBUG_INFO = NO;
				SDKROOT = iphoneos;
				TARGETED_DEVICE_FAMILY = "1,2";
				VALIDATE_PRODUCT = YES;
			};
			name = Release;
		};
		38758BBB1CCE710C00AEC3BB /* Debug */ = {
			isa = XCBuildConfiguration;
			buildSettings = {
				ASSETCATALOG_COMPILER_APPICON_NAME = AppIcon;
				CODE_SIGN_IDENTITY = "iPhone Developer";
				FRAMEWORK_SEARCH_PATHS = (
					"$(inherited)",
					"$(PROJECT_DIR)/Carthage/Build/iOS",
				);
				INFOPLIST_FILE = DoctorApp/Info.plist;
				LD_RUNPATH_SEARCH_PATHS = "$(inherited) @executable_path/Frameworks";
				PRODUCT_BUNDLE_IDENTIFIER = com.concon.DoctorApp;
				PRODUCT_NAME = "$(TARGET_NAME)";
			};
			name = Debug;
		};
		38758BBC1CCE710C00AEC3BB /* Release */ = {
			isa = XCBuildConfiguration;
			buildSettings = {
				ASSETCATALOG_COMPILER_APPICON_NAME = AppIcon;
				CODE_SIGN_IDENTITY = "iPhone Developer";
				FRAMEWORK_SEARCH_PATHS = (
					"$(inherited)",
					"$(PROJECT_DIR)/Carthage/Build/iOS",
				);
				INFOPLIST_FILE = DoctorApp/Info.plist;
				LD_RUNPATH_SEARCH_PATHS = "$(inherited) @executable_path/Frameworks";
				PRODUCT_BUNDLE_IDENTIFIER = com.concon.DoctorApp;
				PRODUCT_NAME = "$(TARGET_NAME)";
			};
			name = Release;
		};
/* End XCBuildConfiguration section */

/* Begin XCConfigurationList section */
		38758BA31CCE710B00AEC3BB /* Build configuration list for PBXProject "DoctorApp" */ = {
			isa = XCConfigurationList;
			buildConfigurations = (
				38758BB81CCE710C00AEC3BB /* Debug */,
				38758BB91CCE710C00AEC3BB /* Release */,
			);
			defaultConfigurationIsVisible = 0;
			defaultConfigurationName = Release;
		};
		38758BBA1CCE710C00AEC3BB /* Build configuration list for PBXNativeTarget "DoctorApp" */ = {
			isa = XCConfigurationList;
			buildConfigurations = (
				38758BBB1CCE710C00AEC3BB /* Debug */,
				38758BBC1CCE710C00AEC3BB /* Release */,
			);
			defaultConfigurationIsVisible = 0;
			defaultConfigurationName = Release;
		};
/* End XCConfigurationList section */
	};
	rootObject = 38758BA01CCE710B00AEC3BB /* Project object */;
}
