// !$*UTF8*$!
{
	archiveVersion = 1;
	classes = {
	};
	objectVersion = 46;
	objects = {

/* Begin PBXBuildFile section */
		38758BAC1CCE710C00AEC3BB /* AppDelegate.swift in Sources */ = {isa = PBXBuildFile; fileRef = 38758BAB1CCE710C00AEC3BB /* AppDelegate.swift */; };
		38758BAE1CCE710C00AEC3BB /* ViewController.swift in Sources */ = {isa = PBXBuildFile; fileRef = 38758BAD1CCE710C00AEC3BB /* ViewController.swift */; };
		38758BB11CCE710C00AEC3BB /* Main.storyboard in Resources */ = {isa = PBXBuildFile; fileRef = 38758BAF1CCE710C00AEC3BB /* Main.storyboard */; };
		38758BB31CCE710C00AEC3BB /* Assets.xcassets in Resources */ = {isa = PBXBuildFile; fileRef = 38758BB21CCE710C00AEC3BB /* Assets.xcassets */; };
		38758BB61CCE710C00AEC3BB /* LaunchScreen.storyboard in Resources */ = {isa = PBXBuildFile; fileRef = 38758BB41CCE710C00AEC3BB /* LaunchScreen.storyboard */; };
		3876AB651CD492370087E5AC /* TimingsAPI.swift in Sources */ = {isa = PBXBuildFile; fileRef = 3876AB641CD492370087E5AC /* TimingsAPI.swift */; };
		3876AB671CD4BDA30087E5AC /* APIData+Safe.swift in Sources */ = {isa = PBXBuildFile; fileRef = 3876AB661CD4BDA30087E5AC /* APIData+Safe.swift */; };
		3876AB6A1CD4C0C30087E5AC /* Timings.swift in Sources */ = {isa = PBXBuildFile; fileRef = 3876AB691CD4C0C30087E5AC /* Timings.swift */; };
		3876AB6C1CD4C0D20087E5AC /* BaseJSONModel.swift in Sources */ = {isa = PBXBuildFile; fileRef = 3876AB6B1CD4C0D20087E5AC /* BaseJSONModel.swift */; };
		3876AB6E1CD4C4F50087E5AC /* Reflectable.swift in Sources */ = {isa = PBXBuildFile; fileRef = 3876AB6D1CD4C4F50087E5AC /* Reflectable.swift */; };
		3876AB701CD4CDA30087E5AC /* ObjectMapper.framework in Frameworks */ = {isa = PBXBuildFile; fileRef = 3876AB6F1CD4CDA30087E5AC /* ObjectMapper.framework */; };
		3876AB711CD4CDB10087E5AC /* ObjectMapper.framework in CopyFiles */ = {isa = PBXBuildFile; fileRef = 3876AB6F1CD4CDA30087E5AC /* ObjectMapper.framework */; settings = {ATTRIBUTES = (CodeSignOnCopy, RemoveHeadersOnCopy, ); }; };
		3882FBFC1CD122DA006B69FC /* API.swift in Sources */ = {isa = PBXBuildFile; fileRef = 3882FBFB1CD122DA006B69FC /* API.swift */; };
		38947DD91CCFE2050008049A /* PKHUD.framework in Frameworks */ = {isa = PBXBuildFile; fileRef = 38947DD51CCFE2050008049A /* PKHUD.framework */; };
		38947DDA1CCFE2050008049A /* Realm.framework in Frameworks */ = {isa = PBXBuildFile; fileRef = 38947DD61CCFE2050008049A /* Realm.framework */; };
		38947DDB1CCFE2050008049A /* RealmSwift.framework in Frameworks */ = {isa = PBXBuildFile; fileRef = 38947DD71CCFE2050008049A /* RealmSwift.framework */; };
		38947DDC1CCFE2050008049A /* SwiftyJSON.framework in Frameworks */ = {isa = PBXBuildFile; fileRef = 38947DD81CCFE2050008049A /* SwiftyJSON.framework */; };
		38B36E861CCFC763009820D2 /* Alamofire.framework in Frameworks */ = {isa = PBXBuildFile; fileRef = 38B36E851CCFC763009820D2 /* Alamofire.framework */; };
		38CEE8341CD26342000010D2 /* Utils.swift in Sources */ = {isa = PBXBuildFile; fileRef = 38CEE8331CD26342000010D2 /* Utils.swift */; };
		38CEE8371CD2685F000010D2 /* HC.swift in Sources */ = {isa = PBXBuildFile; fileRef = 38CEE8361CD2685F000010D2 /* HC.swift */; };
		38CEE8391CD269D0000010D2 /* LoginAPI.swift in Sources */ = {isa = PBXBuildFile; fileRef = 38CEE8381CD269D0000010D2 /* LoginAPI.swift */; };
		D99378F21CD0BD0D00EEF391 /* PKHUD.framework in CopyFiles */ = {isa = PBXBuildFile; fileRef = 38947DD51CCFE2050008049A /* PKHUD.framework */; settings = {ATTRIBUTES = (CodeSignOnCopy, RemoveHeadersOnCopy, ); }; };
		D99378F31CD0BD0D00EEF391 /* Realm.framework in CopyFiles */ = {isa = PBXBuildFile; fileRef = 38947DD61CCFE2050008049A /* Realm.framework */; settings = {ATTRIBUTES = (CodeSignOnCopy, RemoveHeadersOnCopy, ); }; };
		D99378F41CD0BD0D00EEF391 /* RealmSwift.framework in CopyFiles */ = {isa = PBXBuildFile; fileRef = 38947DD71CCFE2050008049A /* RealmSwift.framework */; settings = {ATTRIBUTES = (CodeSignOnCopy, RemoveHeadersOnCopy, ); }; };
		D99378F51CD0BD0D00EEF391 /* SwiftyJSON.framework in CopyFiles */ = {isa = PBXBuildFile; fileRef = 38947DD81CCFE2050008049A /* SwiftyJSON.framework */; settings = {ATTRIBUTES = (CodeSignOnCopy, RemoveHeadersOnCopy, ); }; };
		D99378F61CD0BD0E00EEF391 /* Alamofire.framework in CopyFiles */ = {isa = PBXBuildFile; fileRef = 38B36E851CCFC763009820D2 /* Alamofire.framework */; settings = {ATTRIBUTES = (CodeSignOnCopy, RemoveHeadersOnCopy, ); }; };
/* End PBXBuildFile section */

/* Begin PBXCopyFilesBuildPhase section */
		D99378F11CD0BCFF00EEF391 /* CopyFiles */ = {
			isa = PBXCopyFilesBuildPhase;
			buildActionMask = 2147483647;
			dstPath = "";
			dstSubfolderSpec = 10;
			files = (
				3876AB711CD4CDB10087E5AC /* ObjectMapper.framework in CopyFiles */,
				D99378F21CD0BD0D00EEF391 /* PKHUD.framework in CopyFiles */,
				D99378F31CD0BD0D00EEF391 /* Realm.framework in CopyFiles */,
				D99378F41CD0BD0D00EEF391 /* RealmSwift.framework in CopyFiles */,
				D99378F51CD0BD0D00EEF391 /* SwiftyJSON.framework in CopyFiles */,
				D99378F61CD0BD0E00EEF391 /* Alamofire.framework in CopyFiles */,
			);
			runOnlyForDeploymentPostprocessing = 0;
		};
/* End PBXCopyFilesBuildPhase section */

/* Begin PBXFileReference section */
		38758BA81CCE710B00AEC3BB /* DoctorApp.app */ = {isa = PBXFileReference; explicitFileType = wrapper.application; includeInIndex = 0; path = DoctorApp.app; sourceTree = BUILT_PRODUCTS_DIR; };
		38758BAB1CCE710C00AEC3BB /* AppDelegate.swift */ = {isa = PBXFileReference; lastKnownFileType = sourcecode.swift; path = AppDelegate.swift; sourceTree = "<group>"; };
		38758BAD1CCE710C00AEC3BB /* ViewController.swift */ = {isa = PBXFileReference; lastKnownFileType = sourcecode.swift; path = ViewController.swift; sourceTree = "<group>"; };
		38758BB01CCE710C00AEC3BB /* Base */ = {isa = PBXFileReference; lastKnownFileType = file.storyboard; name = Base; path = Base.lproj/Main.storyboard; sourceTree = "<group>"; };
		38758BB21CCE710C00AEC3BB /* Assets.xcassets */ = {isa = PBXFileReference; lastKnownFileType = folder.assetcatalog; path = Assets.xcassets; sourceTree = "<group>"; };
		38758BB51CCE710C00AEC3BB /* Base */ = {isa = PBXFileReference; lastKnownFileType = file.storyboard; name = Base; path = Base.lproj/LaunchScreen.storyboard; sourceTree = "<group>"; };
		38758BB71CCE710C00AEC3BB /* Info.plist */ = {isa = PBXFileReference; lastKnownFileType = text.plist.xml; path = Info.plist; sourceTree = "<group>"; };
		3876AB641CD492370087E5AC /* TimingsAPI.swift */ = {isa = PBXFileReference; fileEncoding = 4; lastKnownFileType = sourcecode.swift; path = TimingsAPI.swift; sourceTree = "<group>"; };
		3876AB661CD4BDA30087E5AC /* APIData+Safe.swift */ = {isa = PBXFileReference; fileEncoding = 4; lastKnownFileType = sourcecode.swift; path = "APIData+Safe.swift"; sourceTree = "<group>"; };
		3876AB691CD4C0C30087E5AC /* Timings.swift */ = {isa = PBXFileReference; fileEncoding = 4; lastKnownFileType = sourcecode.swift; path = Timings.swift; sourceTree = "<group>"; };
		3876AB6B1CD4C0D20087E5AC /* BaseJSONModel.swift */ = {isa = PBXFileReference; fileEncoding = 4; lastKnownFileType = sourcecode.swift; path = BaseJSONModel.swift; sourceTree = "<group>"; };
		3876AB6D1CD4C4F50087E5AC /* Reflectable.swift */ = {isa = PBXFileReference; fileEncoding = 4; lastKnownFileType = sourcecode.swift; path = Reflectable.swift; sourceTree = "<group>"; };
		3876AB6F1CD4CDA30087E5AC /* ObjectMapper.framework */ = {isa = PBXFileReference; lastKnownFileType = wrapper.framework; name = ObjectMapper.framework; path = Carthage/Build/iOS/ObjectMapper.framework; sourceTree = "<group>"; };
		3882FBFB1CD122DA006B69FC /* API.swift */ = {isa = PBXFileReference; fileEncoding = 4; lastKnownFileType = sourcecode.swift; path = API.swift; sourceTree = "<group>"; };
		38947DD51CCFE2050008049A /* PKHUD.framework */ = {isa = PBXFileReference; lastKnownFileType = wrapper.framework; name = PKHUD.framework; path = Carthage/Build/iOS/PKHUD.framework; sourceTree = "<group>"; };
		38947DD61CCFE2050008049A /* Realm.framework */ = {isa = PBXFileReference; lastKnownFileType = wrapper.framework; name = Realm.framework; path = Carthage/Build/iOS/Realm.framework; sourceTree = "<group>"; };
		38947DD71CCFE2050008049A /* RealmSwift.framework */ = {isa = PBXFileReference; lastKnownFileType = wrapper.framework; name = RealmSwift.framework; path = Carthage/Build/iOS/RealmSwift.framework; sourceTree = "<group>"; };
		38947DD81CCFE2050008049A /* SwiftyJSON.framework */ = {isa = PBXFileReference; lastKnownFileType = wrapper.framework; name = SwiftyJSON.framework; path = Carthage/Build/iOS/SwiftyJSON.framework; sourceTree = "<group>"; };
		38B36E851CCFC763009820D2 /* Alamofire.framework */ = {isa = PBXFileReference; lastKnownFileType = wrapper.framework; name = Alamofire.framework; path = Carthage/Build/iOS/Alamofire.framework; sourceTree = "<group>"; };
		38CEE8331CD26342000010D2 /* Utils.swift */ = {isa = PBXFileReference; fileEncoding = 4; lastKnownFileType = sourcecode.swift; path = Utils.swift; sourceTree = "<group>"; };
		38CEE8361CD2685F000010D2 /* HC.swift */ = {isa = PBXFileReference; fileEncoding = 4; lastKnownFileType = sourcecode.swift; path = HC.swift; sourceTree = "<group>"; };
		38CEE8381CD269D0000010D2 /* LoginAPI.swift */ = {isa = PBXFileReference; fileEncoding = 4; lastKnownFileType = sourcecode.swift; path = LoginAPI.swift; sourceTree = "<group>"; };
/* End PBXFileReference section */

/* Begin PBXFrameworksBuildPhase section */
		38758BA51CCE710B00AEC3BB /* Frameworks */ = {
			isa = PBXFrameworksBuildPhase;
			buildActionMask = 2147483647;
			files = (
				3876AB701CD4CDA30087E5AC /* ObjectMapper.framework in Frameworks */,
				38947DD91CCFE2050008049A /* PKHUD.framework in Frameworks */,
				38947DDA1CCFE2050008049A /* Realm.framework in Frameworks */,
				38947DDB1CCFE2050008049A /* RealmSwift.framework in Frameworks */,
				38947DDC1CCFE2050008049A /* SwiftyJSON.framework in Frameworks */,
				38B36E861CCFC763009820D2 /* Alamofire.framework in Frameworks */,
			);
			runOnlyForDeploymentPostprocessing = 0;
		};
/* End PBXFrameworksBuildPhase section */

/* Begin PBXGroup section */
		38758B9F1CCE710B00AEC3BB = {
			isa = PBXGroup;
			children = (
				3876AB6F1CD4CDA30087E5AC /* ObjectMapper.framework */,
				38947DD51CCFE2050008049A /* PKHUD.framework */,
				38947DD61CCFE2050008049A /* Realm.framework */,
				38947DD71CCFE2050008049A /* RealmSwift.framework */,
				38947DD81CCFE2050008049A /* SwiftyJSON.framework */,
				38B36E851CCFC763009820D2 /* Alamofire.framework */,
				38758BAA1CCE710C00AEC3BB /* DoctorApp */,
				38758BA91CCE710B00AEC3BB /* Products */,
			);
			sourceTree = "<group>";
		};
		38758BA91CCE710B00AEC3BB /* Products */ = {
			isa = PBXGroup;
			children = (
				38758BA81CCE710B00AEC3BB /* DoctorApp.app */,
			);
			name = Products;
			sourceTree = "<group>";
		};
		38758BAA1CCE710C00AEC3BB /* DoctorApp */ = {
			isa = PBXGroup;
			children = (
				38CEE8351CD2683B000010D2 /* Glob */,
				38CEE8321CD26335000010D2 /* Utils */,
				3882FBFA1CD12278006B69FC /* API */,
				3876AB681CD4BF810087E5AC /* Model */,
				38758BAB1CCE710C00AEC3BB /* AppDelegate.swift */,
				38758BAD1CCE710C00AEC3BB /* ViewController.swift */,
				38758BAF1CCE710C00AEC3BB /* Main.storyboard */,
				38758BB21CCE710C00AEC3BB /* Assets.xcassets */,
				38758BB41CCE710C00AEC3BB /* LaunchScreen.storyboard */,
				38758BB71CCE710C00AEC3BB /* Info.plist */,
			);
			path = DoctorApp;
			sourceTree = "<group>";
		};
		3876AB681CD4BF810087E5AC /* Model */ = {
			isa = PBXGroup;
			children = (
				3876AB691CD4C0C30087E5AC /* Timings.swift */,
				3876AB6B1CD4C0D20087E5AC /* BaseJSONModel.swift */,
				3876AB6D1CD4C4F50087E5AC /* Reflectable.swift */,
			);
			path = Model;
			sourceTree = "<group>";
		};
		3882FBFA1CD12278006B69FC /* API */ = {
			isa = PBXGroup;
			children = (
				3882FBFB1CD122DA006B69FC /* API.swift */,
				38CEE8381CD269D0000010D2 /* LoginAPI.swift */,
				3876AB641CD492370087E5AC /* TimingsAPI.swift */,
			);
			path = API;
			sourceTree = "<group>";
		};
		38CEE8321CD26335000010D2 /* Utils */ = {
			isa = PBXGroup;
			children = (
				38CEE8331CD26342000010D2 /* Utils.swift */,
				3876AB661CD4BDA30087E5AC /* APIData+Safe.swift */,
			);
			path = Utils;
			sourceTree = "<group>";
		};
		38CEE8351CD2683B000010D2 /* Glob */ = {
			isa = PBXGroup;
			children = (
				38CEE8361CD2685F000010D2 /* HC.swift */,
			);
			path = Glob;
			sourceTree = "<group>";
		};
/* End PBXGroup section */

/* Begin PBXNativeTarget section */
		38758BA71CCE710B00AEC3BB /* DoctorApp */ = {
			isa = PBXNativeTarget;
			buildConfigurationList = 38758BBA1CCE710C00AEC3BB /* Build configuration list for PBXNativeTarget "DoctorApp" */;
			buildPhases = (
				38758BA41CCE710B00AEC3BB /* Sources */,
				38758BA61CCE710B00AEC3BB /* Resources */,
				38758BA51CCE710B00AEC3BB /* Frameworks */,
				D99378F11CD0BCFF00EEF391 /* CopyFiles */,
			);
			buildRules = (
			);
			dependencies = (
			);
			name = DoctorApp;
			productName = DoctorApp;
			productReference = 38758BA81CCE710B00AEC3BB /* DoctorApp.app */;
			productType = "com.apple.product-type.application";
		};
/* End PBXNativeTarget section */

/* Begin PBXProject section */
		38758BA01CCE710B00AEC3BB /* Project object */ = {
			isa = PBXProject;
			attributes = {
				LastSwiftUpdateCheck = 0730;
				LastUpgradeCheck = 0730;
				ORGANIZATIONNAME = Salm;
				TargetAttributes = {
					38758BA71CCE710B00AEC3BB = {
						CreatedOnToolsVersion = 7.3;
					};
				};
			};
			buildConfigurationList = 38758BA31CCE710B00AEC3BB /* Build configuration list for PBXProject "DoctorApp" */;
			compatibilityVersion = "Xcode 3.2";
			developmentRegion = English;
			hasScannedForEncodings = 0;
			knownRegions = (
				en,
				Base,
			);
			mainGroup = 38758B9F1CCE710B00AEC3BB;
			productRefGroup = 38758BA91CCE710B00AEC3BB /* Products */;
			projectDirPath = "";
			projectRoot = "";
			targets = (
				38758BA71CCE710B00AEC3BB /* DoctorApp */,
			);
		};
/* End PBXProject section */

/* Begin PBXResourcesBuildPhase section */
		38758BA61CCE710B00AEC3BB /* Resources */ = {
			isa = PBXResourcesBuildPhase;
			buildActionMask = 2147483647;
			files = (
				38758BB61CCE710C00AEC3BB /* LaunchScreen.storyboard in Resources */,
				38758BB31CCE710C00AEC3BB /* Assets.xcassets in Resources */,
				38758BB11CCE710C00AEC3BB /* Main.storyboard in Resources */,
			);
			runOnlyForDeploymentPostprocessing = 0;
		};
/* End PBXResourcesBuildPhase section */

/* Begin PBXSourcesBuildPhase section */
		38758BA41CCE710B00AEC3BB /* Sources */ = {
			isa = PBXSourcesBuildPhase;
			buildActionMask = 2147483647;
			files = (
				3876AB651CD492370087E5AC /* TimingsAPI.swift in Sources */,
				38758BAE1CCE710C00AEC3BB /* ViewController.swift in Sources */,
				3876AB6E1CD4C4F50087E5AC /* Reflectable.swift in Sources */,
				3882FBFC1CD122DA006B69FC /* API.swift in Sources */,
				3876AB671CD4BDA30087E5AC /* APIData+Safe.swift in Sources */,
				3876AB6A1CD4C0C30087E5AC /* Timings.swift in Sources */,
				38758BAC1CCE710C00AEC3BB /* AppDelegate.swift in Sources */,
				3876AB6C1CD4C0D20087E5AC /* BaseJSONModel.swift in Sources */,
				38CEE8371CD2685F000010D2 /* HC.swift in Sources */,
				38CEE8391CD269D0000010D2 /* LoginAPI.swift in Sources */,
				38CEE8341CD26342000010D2 /* Utils.swift in Sources */,
			);
			runOnlyForDeploymentPostprocessing = 0;
		};
/* End PBXSourcesBuildPhase section */

/* Begin PBXVariantGroup section */
		38758BAF1CCE710C00AEC3BB /* Main.storyboard */ = {
			isa = PBXVariantGroup;
			children = (
				38758BB01CCE710C00AEC3BB /* Base */,
			);
			name = Main.storyboard;
			sourceTree = "<group>";
		};
		38758BB41CCE710C00AEC3BB /* LaunchScreen.storyboard */ = {
			isa = PBXVariantGroup;
			children = (
				38758BB51CCE710C00AEC3BB /* Base */,
			);
			name = LaunchScreen.storyboard;
			sourceTree = "<group>";
		};
/* End PBXVariantGroup section */

/* Begin XCBuildConfiguration section */
		38758BB81CCE710C00AEC3BB /* Debug */ = {
			isa = XCBuildConfiguration;
			buildSettings = {
				ALWAYS_SEARCH_USER_PATHS = NO;
				CLANG_ANALYZER_NONNULL = YES;
				CLANG_CXX_LANGUAGE_STANDARD = "gnu++0x";
				CLANG_CXX_LIBRARY = "libc++";
				CLANG_ENABLE_MODULES = YES;
				CLANG_ENABLE_OBJC_ARC = YES;
				CLANG_WARN_BOOL_CONVERSION = YES;
				CLANG_WARN_CONSTANT_CONVERSION = YES;
				CLANG_WARN_DIRECT_OBJC_ISA_USAGE = YES_ERROR;
				CLANG_WARN_EMPTY_BODY = YES;
				CLANG_WARN_ENUM_CONVERSION = YES;
				CLANG_WARN_INT_CONVERSION = YES;
				CLANG_WARN_OBJC_ROOT_CLASS = YES_ERROR;
				CLANG_WARN_UNREACHABLE_CODE = YES;
				CLANG_WARN__DUPLICATE_METHOD_MATCH = YES;
				"CODE_SIGN_IDENTITY[sdk=iphoneos*]" = "iPhone Developer";
				COPY_PHASE_STRIP = NO;
				DEBUG_INFORMATION_FORMAT = dwarf;
				ENABLE_STRICT_OBJC_MSGSEND = YES;
				ENABLE_TESTABILITY = YES;
				GCC_C_LANGUAGE_STANDARD = gnu99;
				GCC_DYNAMIC_NO_PIC = NO;
				GCC_NO_COMMON_BLOCKS = YES;
				GCC_OPTIMIZATION_LEVEL = 0;
				GCC_PREPROCESSOR_DEFINITIONS = (
					"DEBUG=1",
					"$(inherited)",
				);
				GCC_WARN_64_TO_32_BIT_CONVERSION = YES;
				GCC_WARN_ABOUT_RETURN_TYPE = YES_ERROR;
				GCC_WARN_UNDECLARED_SELECTOR = YES;
				GCC_WARN_UNINITIALIZED_AUTOS = YES_AGGRESSIVE;
				GCC_WARN_UNUSED_FUNCTION = YES;
				GCC_WARN_UNUSED_VARIABLE = YES;
				IPHONEOS_DEPLOYMENT_TARGET = 9.3;
				MTL_ENABLE_DEBUG_INFO = YES;
				ONLY_ACTIVE_ARCH = YES;
				SDKROOT = iphoneos;
				SWIFT_OPTIMIZATION_LEVEL = "-Onone";
				TARGETED_DEVICE_FAMILY = "1,2";
			};
			name = Debug;
		};
		38758BB91CCE710C00AEC3BB /* Release */ = {
			isa = XCBuildConfiguration;
			buildSettings = {
				ALWAYS_SEARCH_USER_PATHS = NO;
				CLANG_ANALYZER_NONNULL = YES;
				CLANG_CXX_LANGUAGE_STANDARD = "gnu++0x";
				CLANG_CXX_LIBRARY = "libc++";
				CLANG_ENABLE_MODULES = YES;
				CLANG_ENABLE_OBJC_ARC = YES;
				CLANG_WARN_BOOL_CONVERSION = YES;
				CLANG_WARN_CONSTANT_CONVERSION = YES;
				CLANG_WARN_DIRECT_OBJC_ISA_USAGE = YES_ERROR;
				CLANG_WARN_EMPTY_BODY = YES;
				CLANG_WARN_ENUM_CONVERSION = YES;
				CLANG_WARN_INT_CONVERSION = YES;
				CLANG_WARN_OBJC_ROOT_CLASS = YES_ERROR;
				CLANG_WARN_UNREACHABLE_CODE = YES;
				CLANG_WARN__DUPLICATE_METHOD_MATCH = YES;
				"CODE_SIGN_IDENTITY[sdk=iphoneos*]" = "iPhone Developer";
				COPY_PHASE_STRIP = NO;
				DEBUG_INFORMATION_FORMAT = "dwarf-with-dsym";
				ENABLE_NS_ASSERTIONS = NO;
				ENABLE_STRICT_OBJC_MSGSEND = YES;
				GCC_C_LANGUAGE_STANDARD = gnu99;
				GCC_NO_COMMON_BLOCKS = YES;
				GCC_WARN_64_TO_32_BIT_CONVERSION = YES;
				GCC_WARN_ABOUT_RETURN_TYPE = YES_ERROR;
				GCC_WARN_UNDECLARED_SELECTOR = YES;
				GCC_WARN_UNINITIALIZED_AUTOS = YES_AGGRESSIVE;
				GCC_WARN_UNUSED_FUNCTION = YES;
				GCC_WARN_UNUSED_VARIABLE = YES;
				IPHONEOS_DEPLOYMENT_TARGET = 9.3;
				MTL_ENABLE_DEBUG_INFO = NO;
				SDKROOT = iphoneos;
				TARGETED_DEVICE_FAMILY = "1,2";
				VALIDATE_PRODUCT = YES;
			};
			name = Release;
		};
		38758BBB1CCE710C00AEC3BB /* Debug */ = {
			isa = XCBuildConfiguration;
			buildSettings = {
				ASSETCATALOG_COMPILER_APPICON_NAME = AppIcon;
				CODE_SIGN_IDENTITY = "iPhone Developer";
				FRAMEWORK_SEARCH_PATHS = (
					"$(inherited)",
					"$(PROJECT_DIR)/Carthage/Build/iOS",
				);
				INFOPLIST_FILE = DoctorApp/Info.plist;
				LD_RUNPATH_SEARCH_PATHS = "$(inherited) @executable_path/Frameworks";
				PRODUCT_BUNDLE_IDENTIFIER = com.concon.DoctorApp;
				PRODUCT_NAME = "$(TARGET_NAME)";
			};
			name = Debug;
		};
		38758BBC1CCE710C00AEC3BB /* Release */ = {
			isa = XCBuildConfiguration;
			buildSettings = {
				ASSETCATALOG_COMPILER_APPICON_NAME = AppIcon;
				CODE_SIGN_IDENTITY = "iPhone Developer";
				FRAMEWORK_SEARCH_PATHS = (
					"$(inherited)",
					"$(PROJECT_DIR)/Carthage/Build/iOS",
				);
				INFOPLIST_FILE = DoctorApp/Info.plist;
				LD_RUNPATH_SEARCH_PATHS = "$(inherited) @executable_path/Frameworks";
				PRODUCT_BUNDLE_IDENTIFIER = com.concon.DoctorApp;
				PRODUCT_NAME = "$(TARGET_NAME)";
			};
			name = Release;
		};
/* End XCBuildConfiguration section */

/* Begin XCConfigurationList section */
		38758BA31CCE710B00AEC3BB /* Build configuration list for PBXProject "DoctorApp" */ = {
			isa = XCConfigurationList;
			buildConfigurations = (
				38758BB81CCE710C00AEC3BB /* Debug */,
				38758BB91CCE710C00AEC3BB /* Release */,
			);
			defaultConfigurationIsVisible = 0;
			defaultConfigurationName = Release;
		};
		38758BBA1CCE710C00AEC3BB /* Build configuration list for PBXNativeTarget "DoctorApp" */ = {
			isa = XCConfigurationList;
			buildConfigurations = (
				38758BBB1CCE710C00AEC3BB /* Debug */,
				38758BBC1CCE710C00AEC3BB /* Release */,
			);
			defaultConfigurationIsVisible = 0;
			defaultConfigurationName = Release;
		};
/* End XCConfigurationList section */
	};
	rootObject = 38758BA01CCE710B00AEC3BB /* Project object */;
}
